// !$*UTF8*$!
{
	archiveVersion = 1;
	classes = {
	};
	objectVersion = 46;
	objects = {

/* Begin PBXBuildFile section */
		64245ACA1EC0DD6D005B8021 /* IMG_1874.JPG in Resources */ = {isa = PBXBuildFile; fileRef = 64245AC91EC0DD6D005B8021 /* IMG_1874.JPG */; };
		64245ACC1EC36307005B8021 /* IMG_1875.JPG in Resources */ = {isa = PBXBuildFile; fileRef = 64245ACB1EC36307005B8021 /* IMG_1875.JPG */; };
		64245AD01EC36897005B8021 /* IMG_1877.JPG in Resources */ = {isa = PBXBuildFile; fileRef = 64245ACF1EC36897005B8021 /* IMG_1877.JPG */; };
		64245AD41EC3706E005B8021 /* IMG_1878.JPG in Resources */ = {isa = PBXBuildFile; fileRef = 64245AD31EC3706E005B8021 /* IMG_1878.JPG */; };
		64245AD61EC37396005B8021 /* IMG_1879.JPG in Resources */ = {isa = PBXBuildFile; fileRef = 64245AD51EC37396005B8021 /* IMG_1879.JPG */; };
		64245AD81EC37495005B8021 /* IMG_1880.JPG in Resources */ = {isa = PBXBuildFile; fileRef = 64245AD71EC37495005B8021 /* IMG_1880.JPG */; };
		64245ADA1EC4BA44005B8021 /* IMG_1882.JPG in Resources */ = {isa = PBXBuildFile; fileRef = 64245AD91EC4BA44005B8021 /* IMG_1882.JPG */; };
		64245ADC1EC8388B005B8021 /* AAChartKitDocumentLive.html in Resources */ = {isa = PBXBuildFile; fileRef = 64245ADB1EC8388B005B8021 /* AAChartKitDocumentLive.html */; };
		6431421A1EF43CDA0042B3CB /* AAChartModel.m in Sources */ = {isa = PBXBuildFile; fileRef = 643141D41EF43CDA0042B3CB /* AAChartModel.m */; };
		6431421B1EF43CDA0042B3CB /* AAChartView.m in Sources */ = {isa = PBXBuildFile; fileRef = 643141D61EF43CDA0042B3CB /* AAChartView.m */; };
		6431421C1EF43CDA0042B3CB /* AAJsonConverter.m in Sources */ = {isa = PBXBuildFile; fileRef = 643141D91EF43CDA0042B3CB /* AAJsonConverter.m */; };
		6431421D1EF43CDA0042B3CB /* AAOptionsConstructor.m in Sources */ = {isa = PBXBuildFile; fileRef = 643141DB1EF43CDA0042B3CB /* AAOptionsConstructor.m */; };
		6431421E1EF43CDA0042B3CB /* AAChartKit.podspec in Resources */ = {isa = PBXBuildFile; fileRef = 643141DC1EF43CDA0042B3CB /* AAChartKit.podspec */; };
		6431421F1EF43CDA0042B3CB /* AAChartView.html in Resources */ = {isa = PBXBuildFile; fileRef = 643141DE1EF43CDA0042B3CB /* AAChartView.html */; };
		643142201EF43CDA0042B3CB /* AAFunnel.js in Resources */ = {isa = PBXBuildFile; fileRef = 643141DF1EF43CDA0042B3CB /* AAFunnel.js */; };
		643142211EF43CDA0042B3CB /* AAHighcharts-3d.js in Resources */ = {isa = PBXBuildFile; fileRef = 643141E01EF43CDA0042B3CB /* AAHighcharts-3d.js */; };
		643142221EF43CDA0042B3CB /* AAHighchartsLibrary.js in Resources */ = {isa = PBXBuildFile; fileRef = 643141E11EF43CDA0042B3CB /* AAHighchartsLibrary.js */; };
		643142231EF43CDA0042B3CB /* AAHighchartsMore.js in Resources */ = {isa = PBXBuildFile; fileRef = 643141E21EF43CDA0042B3CB /* AAHighchartsMore.js */; };
		643142241EF43CDA0042B3CB /* AAJQueryLibrary.js in Resources */ = {isa = PBXBuildFile; fileRef = 643141E31EF43CDA0042B3CB /* AAJQueryLibrary.js */; };
		643142251EF43CDA0042B3CB /* AAAnimation.m in Sources */ = {isa = PBXBuildFile; fileRef = 643141E61EF43CDA0042B3CB /* AAAnimation.m */; };
		643142261EF43CDA0042B3CB /* AAArea.m in Sources */ = {isa = PBXBuildFile; fileRef = 643141E81EF43CDA0042B3CB /* AAArea.m */; };
		643142271EF43CDA0042B3CB /* AAAreaspline.m in Sources */ = {isa = PBXBuildFile; fileRef = 643141EA1EF43CDA0042B3CB /* AAAreaspline.m */; };
		643142281EF43CDA0042B3CB /* AABar.m in Sources */ = {isa = PBXBuildFile; fileRef = 643141EC1EF43CDA0042B3CB /* AABar.m */; };
		643142291EF43CDA0042B3CB /* AAChart.m in Sources */ = {isa = PBXBuildFile; fileRef = 643141EE1EF43CDA0042B3CB /* AAChart.m */; };
		6431422A1EF43CDA0042B3CB /* AAColumn.m in Sources */ = {isa = PBXBuildFile; fileRef = 643141F01EF43CDA0042B3CB /* AAColumn.m */; };
		6431422B1EF43CDA0042B3CB /* AADataLabels.m in Sources */ = {isa = PBXBuildFile; fileRef = 643141F21EF43CDA0042B3CB /* AADataLabels.m */; };
		6431422C1EF43CDA0042B3CB /* AAItemStyle.m in Sources */ = {isa = PBXBuildFile; fileRef = 643141F41EF43CDA0042B3CB /* AAItemStyle.m */; };
		6431422D1EF43CDA0042B3CB /* AALabels.m in Sources */ = {isa = PBXBuildFile; fileRef = 643141F61EF43CDA0042B3CB /* AALabels.m */; };
		6431422E1EF43CDA0042B3CB /* AALegend.m in Sources */ = {isa = PBXBuildFile; fileRef = 643141F81EF43CDA0042B3CB /* AALegend.m */; };
		6431422F1EF43CDA0042B3CB /* AALine.m in Sources */ = {isa = PBXBuildFile; fileRef = 643141FA1EF43CDA0042B3CB /* AALine.m */; };
		643142301EF43CDA0042B3CB /* AAMarker.m in Sources */ = {isa = PBXBuildFile; fileRef = 643141FC1EF43CDA0042B3CB /* AAMarker.m */; };
		643142311EF43CDA0042B3CB /* AAOptions.m in Sources */ = {isa = PBXBuildFile; fileRef = 643141FE1EF43CDA0042B3CB /* AAOptions.m */; };
		643142321EF43CDA0042B3CB /* AAOptions3d.m in Sources */ = {isa = PBXBuildFile; fileRef = 643142001EF43CDA0042B3CB /* AAOptions3d.m */; };
		643142331EF43CDA0042B3CB /* AAPie.m in Sources */ = {isa = PBXBuildFile; fileRef = 643142021EF43CDA0042B3CB /* AAPie.m */; };
		643142341EF43CDA0042B3CB /* AAPlotLinesElement.m in Sources */ = {isa = PBXBuildFile; fileRef = 643142041EF43CDA0042B3CB /* AAPlotLinesElement.m */; };
		643142351EF43CDA0042B3CB /* AAPlotOptions.m in Sources */ = {isa = PBXBuildFile; fileRef = 643142061EF43CDA0042B3CB /* AAPlotOptions.m */; };
		643142361EF43CDA0042B3CB /* AASeries.m in Sources */ = {isa = PBXBuildFile; fileRef = 643142081EF43CDA0042B3CB /* AASeries.m */; };
		643142371EF43CDA0042B3CB /* AASeriesElement.m in Sources */ = {isa = PBXBuildFile; fileRef = 6431420A1EF43CDA0042B3CB /* AASeriesElement.m */; };
		643142381EF43CDA0042B3CB /* AASpline.m in Sources */ = {isa = PBXBuildFile; fileRef = 6431420C1EF43CDA0042B3CB /* AASpline.m */; };
		643142391EF43CDA0042B3CB /* AAStyle.m in Sources */ = {isa = PBXBuildFile; fileRef = 6431420E1EF43CDA0042B3CB /* AAStyle.m */; };
		6431423A1EF43CDA0042B3CB /* AASubtitle.m in Sources */ = {isa = PBXBuildFile; fileRef = 643142101EF43CDA0042B3CB /* AASubtitle.m */; };
		6431423B1EF43CDA0042B3CB /* AATitle.m in Sources */ = {isa = PBXBuildFile; fileRef = 643142121EF43CDA0042B3CB /* AATitle.m */; };
		6431423C1EF43CDA0042B3CB /* AATooltip.m in Sources */ = {isa = PBXBuildFile; fileRef = 643142141EF43CDA0042B3CB /* AATooltip.m */; };
		6431423D1EF43CDA0042B3CB /* AAXAxis.m in Sources */ = {isa = PBXBuildFile; fileRef = 643142161EF43CDA0042B3CB /* AAXAxis.m */; };
		6431423E1EF43CDA0042B3CB /* AAYAxis.m in Sources */ = {isa = PBXBuildFile; fileRef = 643142181EF43CDA0042B3CB /* AAYAxis.m */; };
		6431423F1EF43CDA0042B3CB /* LICENSE in Resources */ = {isa = PBXBuildFile; fileRef = 643142191EF43CDA0042B3CB /* LICENSE */; };
		645E59551E8403710039A0A1 /* SpecialChartVC.m in Sources */ = {isa = PBXBuildFile; fileRef = 645E59541E8403710039A0A1 /* SpecialChartVC.m */; };
		7131910C1E80B2F400382A09 /* IMG_1871.JPG in Resources */ = {isa = PBXBuildFile; fileRef = 7131910B1E80B2F400382A09 /* IMG_1871.JPG */; };
		7131910E1E80B30300382A09 /* IMG_1870.JPG in Resources */ = {isa = PBXBuildFile; fileRef = 7131910D1E80B30300382A09 /* IMG_1870.JPG */; };
		713191101E80B31200382A09 /* IMG_1869.JPG in Resources */ = {isa = PBXBuildFile; fileRef = 7131910F1E80B31200382A09 /* IMG_1869.JPG */; };
		713191121E80B31800382A09 /* IMG_1868.JPG in Resources */ = {isa = PBXBuildFile; fileRef = 713191111E80B31800382A09 /* IMG_1868.JPG */; };
		713191141E80B32000382A09 /* IMG_1867.JPG in Resources */ = {isa = PBXBuildFile; fileRef = 713191131E80B32000382A09 /* IMG_1867.JPG */; };
		713191161E80B32800382A09 /* IMG_1866.JPG in Resources */ = {isa = PBXBuildFile; fileRef = 713191151E80B32800382A09 /* IMG_1866.JPG */; };
		713191181E80B32C00382A09 /* IMG_1865.JPG in Resources */ = {isa = PBXBuildFile; fileRef = 713191171E80B32C00382A09 /* IMG_1865.JPG */; };
		7131911C1E80B33700382A09 /* IMG_1863.JPG in Resources */ = {isa = PBXBuildFile; fileRef = 7131911B1E80B33700382A09 /* IMG_1863.JPG */; };
		7131911E1E80B6AE00382A09 /* IMG_1873.JPG in Resources */ = {isa = PBXBuildFile; fileRef = 7131911D1E80B6AE00382A09 /* IMG_1873.JPG */; };
		713F543C1E7B71C000D506C7 /* AAChartKitShow.gif in Resources */ = {isa = PBXBuildFile; fileRef = 713F54361E7B71C000D506C7 /* AAChartKitShow.gif */; };
		713F543D1E7B71C000D506C7 /* FirstViewController.m in Sources */ = {isa = PBXBuildFile; fileRef = 713F54381E7B71C000D506C7 /* FirstViewController.m */; };
		713F543E1E7B71C000D506C7 /* SecondViewController.m in Sources */ = {isa = PBXBuildFile; fileRef = 713F543A1E7B71C000D506C7 /* SecondViewController.m */; };
		7172A3D81E763EA6000D5B99 /* main.m in Sources */ = {isa = PBXBuildFile; fileRef = 7172A3D71E763EA6000D5B99 /* main.m */; };
		7172A3DB1E763EA6000D5B99 /* AppDelegate.m in Sources */ = {isa = PBXBuildFile; fileRef = 7172A3DA1E763EA6000D5B99 /* AppDelegate.m */; };
		7172A3E11E763EA6000D5B99 /* Main.storyboard in Resources */ = {isa = PBXBuildFile; fileRef = 7172A3DF1E763EA6000D5B99 /* Main.storyboard */; };
		7172A3E31E763EA6000D5B99 /* Assets.xcassets in Resources */ = {isa = PBXBuildFile; fileRef = 7172A3E21E763EA6000D5B99 /* Assets.xcassets */; };
		7172A3E61E763EA6000D5B99 /* LaunchScreen.storyboard in Resources */ = {isa = PBXBuildFile; fileRef = 7172A3E41E763EA6000D5B99 /* LaunchScreen.storyboard */; };
		7172A3F11E763EA6000D5B99 /* AAChartKitTests.m in Sources */ = {isa = PBXBuildFile; fileRef = 7172A3F01E763EA6000D5B99 /* AAChartKitTests.m */; };
		7172A3FC1E763EA6000D5B99 /* AAChartKitUITests.m in Sources */ = {isa = PBXBuildFile; fileRef = 7172A3FB1E763EA6000D5B99 /* AAChartKitUITests.m */; };
/* End PBXBuildFile section */

/* Begin PBXContainerItemProxy section */
		7172A3ED1E763EA6000D5B99 /* PBXContainerItemProxy */ = {
			isa = PBXContainerItemProxy;
			containerPortal = 7172A3CB1E763EA6000D5B99 /* Project object */;
			proxyType = 1;
			remoteGlobalIDString = 7172A3D21E763EA6000D5B99;
			remoteInfo = AAChartKit;
		};
		7172A3F81E763EA6000D5B99 /* PBXContainerItemProxy */ = {
			isa = PBXContainerItemProxy;
			containerPortal = 7172A3CB1E763EA6000D5B99 /* Project object */;
			proxyType = 1;
			remoteGlobalIDString = 7172A3D21E763EA6000D5B99;
			remoteInfo = AAChartKit;
		};
/* End PBXContainerItemProxy section */

/* Begin PBXFileReference section */
		64245AC91EC0DD6D005B8021 /* IMG_1874.JPG */ = {isa = PBXFileReference; lastKnownFileType = image.jpeg; path = IMG_1874.JPG; sourceTree = "<group>"; };
		64245ACB1EC36307005B8021 /* IMG_1875.JPG */ = {isa = PBXFileReference; lastKnownFileType = image.jpeg; path = IMG_1875.JPG; sourceTree = "<group>"; };
		64245ACF1EC36897005B8021 /* IMG_1877.JPG */ = {isa = PBXFileReference; lastKnownFileType = image.jpeg; path = IMG_1877.JPG; sourceTree = "<group>"; };
		64245AD31EC3706E005B8021 /* IMG_1878.JPG */ = {isa = PBXFileReference; lastKnownFileType = image.jpeg; path = IMG_1878.JPG; sourceTree = "<group>"; };
		64245AD51EC37396005B8021 /* IMG_1879.JPG */ = {isa = PBXFileReference; lastKnownFileType = image.jpeg; path = IMG_1879.JPG; sourceTree = "<group>"; };
		64245AD71EC37495005B8021 /* IMG_1880.JPG */ = {isa = PBXFileReference; lastKnownFileType = image.jpeg; path = IMG_1880.JPG; sourceTree = "<group>"; };
		64245AD91EC4BA44005B8021 /* IMG_1882.JPG */ = {isa = PBXFileReference; lastKnownFileType = image.jpeg; path = IMG_1882.JPG; sourceTree = "<group>"; };
		64245ADB1EC8388B005B8021 /* AAChartKitDocumentLive.html */ = {isa = PBXFileReference; fileEncoding = 4; lastKnownFileType = text.html; path = AAChartKitDocumentLive.html; sourceTree = "<group>"; };
		643141D31EF43CDA0042B3CB /* AAChartModel.h */ = {isa = PBXFileReference; fileEncoding = 4; lastKnownFileType = sourcecode.c.h; path = AAChartModel.h; sourceTree = "<group>"; };
		643141D41EF43CDA0042B3CB /* AAChartModel.m */ = {isa = PBXFileReference; fileEncoding = 4; lastKnownFileType = sourcecode.c.objc; path = AAChartModel.m; sourceTree = "<group>"; };
		643141D51EF43CDA0042B3CB /* AAChartView.h */ = {isa = PBXFileReference; fileEncoding = 4; lastKnownFileType = sourcecode.c.h; path = AAChartView.h; sourceTree = "<group>"; };
		643141D61EF43CDA0042B3CB /* AAChartView.m */ = {isa = PBXFileReference; fileEncoding = 4; lastKnownFileType = sourcecode.c.objc; path = AAChartView.m; sourceTree = "<group>"; };
		643141D71EF43CDA0042B3CB /* AAGlobalMacro.h */ = {isa = PBXFileReference; fileEncoding = 4; lastKnownFileType = sourcecode.c.h; path = AAGlobalMacro.h; sourceTree = "<group>"; };
		643141D81EF43CDA0042B3CB /* AAJsonConverter.h */ = {isa = PBXFileReference; fileEncoding = 4; lastKnownFileType = sourcecode.c.h; path = AAJsonConverter.h; sourceTree = "<group>"; };
		643141D91EF43CDA0042B3CB /* AAJsonConverter.m */ = {isa = PBXFileReference; fileEncoding = 4; lastKnownFileType = sourcecode.c.objc; path = AAJsonConverter.m; sourceTree = "<group>"; };
		643141DA1EF43CDA0042B3CB /* AAOptionsConstructor.h */ = {isa = PBXFileReference; fileEncoding = 4; lastKnownFileType = sourcecode.c.h; path = AAOptionsConstructor.h; sourceTree = "<group>"; };
		643141DB1EF43CDA0042B3CB /* AAOptionsConstructor.m */ = {isa = PBXFileReference; fileEncoding = 4; lastKnownFileType = sourcecode.c.objc; path = AAOptionsConstructor.m; sourceTree = "<group>"; };
		643141DC1EF43CDA0042B3CB /* AAChartKit.podspec */ = {isa = PBXFileReference; fileEncoding = 4; lastKnownFileType = text; path = AAChartKit.podspec; sourceTree = "<group>"; };
		643141DE1EF43CDA0042B3CB /* AAChartView.html */ = {isa = PBXFileReference; fileEncoding = 4; lastKnownFileType = text.html; path = AAChartView.html; sourceTree = "<group>"; };
		643141DF1EF43CDA0042B3CB /* AAFunnel.js */ = {isa = PBXFileReference; fileEncoding = 4; lastKnownFileType = sourcecode.javascript; path = AAFunnel.js; sourceTree = "<group>"; };
		643141E01EF43CDA0042B3CB /* AAHighcharts-3d.js */ = {isa = PBXFileReference; fileEncoding = 4; lastKnownFileType = sourcecode.javascript; path = "AAHighcharts-3d.js"; sourceTree = "<group>"; };
		643141E11EF43CDA0042B3CB /* AAHighchartsLibrary.js */ = {isa = PBXFileReference; fileEncoding = 4; lastKnownFileType = sourcecode.javascript; path = AAHighchartsLibrary.js; sourceTree = "<group>"; };
		643141E21EF43CDA0042B3CB /* AAHighchartsMore.js */ = {isa = PBXFileReference; fileEncoding = 4; lastKnownFileType = sourcecode.javascript; path = AAHighchartsMore.js; sourceTree = "<group>"; };
		643141E31EF43CDA0042B3CB /* AAJQueryLibrary.js */ = {isa = PBXFileReference; fileEncoding = 4; lastKnownFileType = sourcecode.javascript; path = AAJQueryLibrary.js; sourceTree = "<group>"; };
		643141E51EF43CDA0042B3CB /* AAAnimation.h */ = {isa = PBXFileReference; fileEncoding = 4; lastKnownFileType = sourcecode.c.h; path = AAAnimation.h; sourceTree = "<group>"; };
		643141E61EF43CDA0042B3CB /* AAAnimation.m */ = {isa = PBXFileReference; fileEncoding = 4; lastKnownFileType = sourcecode.c.objc; path = AAAnimation.m; sourceTree = "<group>"; };
		643141E71EF43CDA0042B3CB /* AAArea.h */ = {isa = PBXFileReference; fileEncoding = 4; lastKnownFileType = sourcecode.c.h; path = AAArea.h; sourceTree = "<group>"; };
		643141E81EF43CDA0042B3CB /* AAArea.m */ = {isa = PBXFileReference; fileEncoding = 4; lastKnownFileType = sourcecode.c.objc; path = AAArea.m; sourceTree = "<group>"; };
		643141E91EF43CDA0042B3CB /* AAAreaspline.h */ = {isa = PBXFileReference; fileEncoding = 4; lastKnownFileType = sourcecode.c.h; path = AAAreaspline.h; sourceTree = "<group>"; };
		643141EA1EF43CDA0042B3CB /* AAAreaspline.m */ = {isa = PBXFileReference; fileEncoding = 4; lastKnownFileType = sourcecode.c.objc; path = AAAreaspline.m; sourceTree = "<group>"; };
		643141EB1EF43CDA0042B3CB /* AABar.h */ = {isa = PBXFileReference; fileEncoding = 4; lastKnownFileType = sourcecode.c.h; path = AABar.h; sourceTree = "<group>"; };
		643141EC1EF43CDA0042B3CB /* AABar.m */ = {isa = PBXFileReference; fileEncoding = 4; lastKnownFileType = sourcecode.c.objc; path = AABar.m; sourceTree = "<group>"; };
		643141ED1EF43CDA0042B3CB /* AAChart.h */ = {isa = PBXFileReference; fileEncoding = 4; lastKnownFileType = sourcecode.c.h; path = AAChart.h; sourceTree = "<group>"; };
		643141EE1EF43CDA0042B3CB /* AAChart.m */ = {isa = PBXFileReference; fileEncoding = 4; lastKnownFileType = sourcecode.c.objc; path = AAChart.m; sourceTree = "<group>"; };
		643141EF1EF43CDA0042B3CB /* AAColumn.h */ = {isa = PBXFileReference; fileEncoding = 4; lastKnownFileType = sourcecode.c.h; path = AAColumn.h; sourceTree = "<group>"; };
		643141F01EF43CDA0042B3CB /* AAColumn.m */ = {isa = PBXFileReference; fileEncoding = 4; lastKnownFileType = sourcecode.c.objc; path = AAColumn.m; sourceTree = "<group>"; };
		643141F11EF43CDA0042B3CB /* AADataLabels.h */ = {isa = PBXFileReference; fileEncoding = 4; lastKnownFileType = sourcecode.c.h; path = AADataLabels.h; sourceTree = "<group>"; };
		643141F21EF43CDA0042B3CB /* AADataLabels.m */ = {isa = PBXFileReference; fileEncoding = 4; lastKnownFileType = sourcecode.c.objc; path = AADataLabels.m; sourceTree = "<group>"; };
		643141F31EF43CDA0042B3CB /* AAItemStyle.h */ = {isa = PBXFileReference; fileEncoding = 4; lastKnownFileType = sourcecode.c.h; path = AAItemStyle.h; sourceTree = "<group>"; };
		643141F41EF43CDA0042B3CB /* AAItemStyle.m */ = {isa = PBXFileReference; fileEncoding = 4; lastKnownFileType = sourcecode.c.objc; path = AAItemStyle.m; sourceTree = "<group>"; };
		643141F51EF43CDA0042B3CB /* AALabels.h */ = {isa = PBXFileReference; fileEncoding = 4; lastKnownFileType = sourcecode.c.h; path = AALabels.h; sourceTree = "<group>"; };
		643141F61EF43CDA0042B3CB /* AALabels.m */ = {isa = PBXFileReference; fileEncoding = 4; lastKnownFileType = sourcecode.c.objc; path = AALabels.m; sourceTree = "<group>"; };
		643141F71EF43CDA0042B3CB /* AALegend.h */ = {isa = PBXFileReference; fileEncoding = 4; lastKnownFileType = sourcecode.c.h; path = AALegend.h; sourceTree = "<group>"; };
		643141F81EF43CDA0042B3CB /* AALegend.m */ = {isa = PBXFileReference; fileEncoding = 4; lastKnownFileType = sourcecode.c.objc; path = AALegend.m; sourceTree = "<group>"; };
		643141F91EF43CDA0042B3CB /* AALine.h */ = {isa = PBXFileReference; fileEncoding = 4; lastKnownFileType = sourcecode.c.h; path = AALine.h; sourceTree = "<group>"; };
		643141FA1EF43CDA0042B3CB /* AALine.m */ = {isa = PBXFileReference; fileEncoding = 4; lastKnownFileType = sourcecode.c.objc; path = AALine.m; sourceTree = "<group>"; };
		643141FB1EF43CDA0042B3CB /* AAMarker.h */ = {isa = PBXFileReference; fileEncoding = 4; lastKnownFileType = sourcecode.c.h; path = AAMarker.h; sourceTree = "<group>"; };
		643141FC1EF43CDA0042B3CB /* AAMarker.m */ = {isa = PBXFileReference; fileEncoding = 4; lastKnownFileType = sourcecode.c.objc; path = AAMarker.m; sourceTree = "<group>"; };
		643141FD1EF43CDA0042B3CB /* AAOptions.h */ = {isa = PBXFileReference; fileEncoding = 4; lastKnownFileType = sourcecode.c.h; path = AAOptions.h; sourceTree = "<group>"; };
		643141FE1EF43CDA0042B3CB /* AAOptions.m */ = {isa = PBXFileReference; fileEncoding = 4; lastKnownFileType = sourcecode.c.objc; path = AAOptions.m; sourceTree = "<group>"; };
		643141FF1EF43CDA0042B3CB /* AAOptions3d.h */ = {isa = PBXFileReference; fileEncoding = 4; lastKnownFileType = sourcecode.c.h; path = AAOptions3d.h; sourceTree = "<group>"; };
		643142001EF43CDA0042B3CB /* AAOptions3d.m */ = {isa = PBXFileReference; fileEncoding = 4; lastKnownFileType = sourcecode.c.objc; path = AAOptions3d.m; sourceTree = "<group>"; };
		643142011EF43CDA0042B3CB /* AAPie.h */ = {isa = PBXFileReference; fileEncoding = 4; lastKnownFileType = sourcecode.c.h; path = AAPie.h; sourceTree = "<group>"; };
		643142021EF43CDA0042B3CB /* AAPie.m */ = {isa = PBXFileReference; fileEncoding = 4; lastKnownFileType = sourcecode.c.objc; path = AAPie.m; sourceTree = "<group>"; };
		643142031EF43CDA0042B3CB /* AAPlotLinesElement.h */ = {isa = PBXFileReference; fileEncoding = 4; lastKnownFileType = sourcecode.c.h; path = AAPlotLinesElement.h; sourceTree = "<group>"; };
		643142041EF43CDA0042B3CB /* AAPlotLinesElement.m */ = {isa = PBXFileReference; fileEncoding = 4; lastKnownFileType = sourcecode.c.objc; path = AAPlotLinesElement.m; sourceTree = "<group>"; };
		643142051EF43CDA0042B3CB /* AAPlotOptions.h */ = {isa = PBXFileReference; fileEncoding = 4; lastKnownFileType = sourcecode.c.h; path = AAPlotOptions.h; sourceTree = "<group>"; };
		643142061EF43CDA0042B3CB /* AAPlotOptions.m */ = {isa = PBXFileReference; fileEncoding = 4; lastKnownFileType = sourcecode.c.objc; path = AAPlotOptions.m; sourceTree = "<group>"; };
		643142071EF43CDA0042B3CB /* AASeries.h */ = {isa = PBXFileReference; fileEncoding = 4; lastKnownFileType = sourcecode.c.h; path = AASeries.h; sourceTree = "<group>"; };
		643142081EF43CDA0042B3CB /* AASeries.m */ = {isa = PBXFileReference; fileEncoding = 4; lastKnownFileType = sourcecode.c.objc; path = AASeries.m; sourceTree = "<group>"; };
		643142091EF43CDA0042B3CB /* AASeriesElement.h */ = {isa = PBXFileReference; fileEncoding = 4; lastKnownFileType = sourcecode.c.h; path = AASeriesElement.h; sourceTree = "<group>"; };
		6431420A1EF43CDA0042B3CB /* AASeriesElement.m */ = {isa = PBXFileReference; fileEncoding = 4; lastKnownFileType = sourcecode.c.objc; path = AASeriesElement.m; sourceTree = "<group>"; };
		6431420B1EF43CDA0042B3CB /* AASpline.h */ = {isa = PBXFileReference; fileEncoding = 4; lastKnownFileType = sourcecode.c.h; path = AASpline.h; sourceTree = "<group>"; };
		6431420C1EF43CDA0042B3CB /* AASpline.m */ = {isa = PBXFileReference; fileEncoding = 4; lastKnownFileType = sourcecode.c.objc; path = AASpline.m; sourceTree = "<group>"; };
		6431420D1EF43CDA0042B3CB /* AAStyle.h */ = {isa = PBXFileReference; fileEncoding = 4; lastKnownFileType = sourcecode.c.h; path = AAStyle.h; sourceTree = "<group>"; };
		6431420E1EF43CDA0042B3CB /* AAStyle.m */ = {isa = PBXFileReference; fileEncoding = 4; lastKnownFileType = sourcecode.c.objc; path = AAStyle.m; sourceTree = "<group>"; };
		6431420F1EF43CDA0042B3CB /* AASubtitle.h */ = {isa = PBXFileReference; fileEncoding = 4; lastKnownFileType = sourcecode.c.h; path = AASubtitle.h; sourceTree = "<group>"; };
		643142101EF43CDA0042B3CB /* AASubtitle.m */ = {isa = PBXFileReference; fileEncoding = 4; lastKnownFileType = sourcecode.c.objc; path = AASubtitle.m; sourceTree = "<group>"; };
		643142111EF43CDA0042B3CB /* AATitle.h */ = {isa = PBXFileReference; fileEncoding = 4; lastKnownFileType = sourcecode.c.h; path = AATitle.h; sourceTree = "<group>"; };
		643142121EF43CDA0042B3CB /* AATitle.m */ = {isa = PBXFileReference; fileEncoding = 4; lastKnownFileType = sourcecode.c.objc; path = AATitle.m; sourceTree = "<group>"; };
		643142131EF43CDA0042B3CB /* AATooltip.h */ = {isa = PBXFileReference; fileEncoding = 4; lastKnownFileType = sourcecode.c.h; path = AATooltip.h; sourceTree = "<group>"; };
		643142141EF43CDA0042B3CB /* AATooltip.m */ = {isa = PBXFileReference; fileEncoding = 4; lastKnownFileType = sourcecode.c.objc; path = AATooltip.m; sourceTree = "<group>"; };
		643142151EF43CDA0042B3CB /* AAXAxis.h */ = {isa = PBXFileReference; fileEncoding = 4; lastKnownFileType = sourcecode.c.h; path = AAXAxis.h; sourceTree = "<group>"; };
		643142161EF43CDA0042B3CB /* AAXAxis.m */ = {isa = PBXFileReference; fileEncoding = 4; lastKnownFileType = sourcecode.c.objc; path = AAXAxis.m; sourceTree = "<group>"; };
		643142171EF43CDA0042B3CB /* AAYAxis.h */ = {isa = PBXFileReference; fileEncoding = 4; lastKnownFileType = sourcecode.c.h; path = AAYAxis.h; sourceTree = "<group>"; };
		643142181EF43CDA0042B3CB /* AAYAxis.m */ = {isa = PBXFileReference; fileEncoding = 4; lastKnownFileType = sourcecode.c.objc; path = AAYAxis.m; sourceTree = "<group>"; };
		643142191EF43CDA0042B3CB /* LICENSE */ = {isa = PBXFileReference; fileEncoding = 4; lastKnownFileType = text; path = LICENSE; sourceTree = "<group>"; };
		645E59531E8403710039A0A1 /* SpecialChartVC.h */ = {isa = PBXFileReference; fileEncoding = 4; lastKnownFileType = sourcecode.c.h; path = SpecialChartVC.h; sourceTree = "<group>"; };
		645E59541E8403710039A0A1 /* SpecialChartVC.m */ = {isa = PBXFileReference; fileEncoding = 4; lastKnownFileType = sourcecode.c.objc; path = SpecialChartVC.m; sourceTree = "<group>"; };
		7131910B1E80B2F400382A09 /* IMG_1871.JPG */ = {isa = PBXFileReference; lastKnownFileType = image.jpeg; path = IMG_1871.JPG; sourceTree = "<group>"; };
		7131910D1E80B30300382A09 /* IMG_1870.JPG */ = {isa = PBXFileReference; lastKnownFileType = image.jpeg; path = IMG_1870.JPG; sourceTree = "<group>"; };
		7131910F1E80B31200382A09 /* IMG_1869.JPG */ = {isa = PBXFileReference; lastKnownFileType = image.jpeg; path = IMG_1869.JPG; sourceTree = "<group>"; };
		713191111E80B31800382A09 /* IMG_1868.JPG */ = {isa = PBXFileReference; lastKnownFileType = image.jpeg; path = IMG_1868.JPG; sourceTree = "<group>"; };
		713191131E80B32000382A09 /* IMG_1867.JPG */ = {isa = PBXFileReference; lastKnownFileType = image.jpeg; path = IMG_1867.JPG; sourceTree = "<group>"; };
		713191151E80B32800382A09 /* IMG_1866.JPG */ = {isa = PBXFileReference; lastKnownFileType = image.jpeg; path = IMG_1866.JPG; sourceTree = "<group>"; };
		713191171E80B32C00382A09 /* IMG_1865.JPG */ = {isa = PBXFileReference; lastKnownFileType = image.jpeg; path = IMG_1865.JPG; sourceTree = "<group>"; };
		7131911B1E80B33700382A09 /* IMG_1863.JPG */ = {isa = PBXFileReference; lastKnownFileType = image.jpeg; path = IMG_1863.JPG; sourceTree = "<group>"; };
		7131911D1E80B6AE00382A09 /* IMG_1873.JPG */ = {isa = PBXFileReference; lastKnownFileType = image.jpeg; path = IMG_1873.JPG; sourceTree = "<group>"; };
		713F54361E7B71C000D506C7 /* AAChartKitShow.gif */ = {isa = PBXFileReference; lastKnownFileType = image.gif; path = AAChartKitShow.gif; sourceTree = "<group>"; };
		713F54371E7B71C000D506C7 /* FirstViewController.h */ = {isa = PBXFileReference; fileEncoding = 4; lastKnownFileType = sourcecode.c.h; path = FirstViewController.h; sourceTree = "<group>"; };
		713F54381E7B71C000D506C7 /* FirstViewController.m */ = {isa = PBXFileReference; fileEncoding = 4; lastKnownFileType = sourcecode.c.objc; path = FirstViewController.m; sourceTree = "<group>"; };
		713F54391E7B71C000D506C7 /* SecondViewController.h */ = {isa = PBXFileReference; fileEncoding = 4; lastKnownFileType = sourcecode.c.h; path = SecondViewController.h; sourceTree = "<group>"; };
		713F543A1E7B71C000D506C7 /* SecondViewController.m */ = {isa = PBXFileReference; fileEncoding = 4; lastKnownFileType = sourcecode.c.objc; path = SecondViewController.m; sourceTree = "<group>"; };
		7172A3D31E763EA6000D5B99 /* AAChartKit.app */ = {isa = PBXFileReference; explicitFileType = wrapper.application; includeInIndex = 0; path = AAChartKit.app; sourceTree = BUILT_PRODUCTS_DIR; };
		7172A3D71E763EA6000D5B99 /* main.m */ = {isa = PBXFileReference; lastKnownFileType = sourcecode.c.objc; path = main.m; sourceTree = "<group>"; };
		7172A3D91E763EA6000D5B99 /* AppDelegate.h */ = {isa = PBXFileReference; lastKnownFileType = sourcecode.c.h; path = AppDelegate.h; sourceTree = "<group>"; };
		7172A3DA1E763EA6000D5B99 /* AppDelegate.m */ = {isa = PBXFileReference; lastKnownFileType = sourcecode.c.objc; path = AppDelegate.m; sourceTree = "<group>"; };
		7172A3E01E763EA6000D5B99 /* Base */ = {isa = PBXFileReference; lastKnownFileType = file.storyboard; name = Base; path = Base.lproj/Main.storyboard; sourceTree = "<group>"; };
		7172A3E21E763EA6000D5B99 /* Assets.xcassets */ = {isa = PBXFileReference; lastKnownFileType = folder.assetcatalog; path = Assets.xcassets; sourceTree = "<group>"; };
		7172A3E51E763EA6000D5B99 /* Base */ = {isa = PBXFileReference; lastKnownFileType = file.storyboard; name = Base; path = Base.lproj/LaunchScreen.storyboard; sourceTree = "<group>"; };
		7172A3E71E763EA6000D5B99 /* Info.plist */ = {isa = PBXFileReference; lastKnownFileType = text.plist.xml; path = Info.plist; sourceTree = "<group>"; };
		7172A3EC1E763EA6000D5B99 /* AAChartKitTests.xctest */ = {isa = PBXFileReference; explicitFileType = wrapper.cfbundle; includeInIndex = 0; path = AAChartKitTests.xctest; sourceTree = BUILT_PRODUCTS_DIR; };
		7172A3F01E763EA6000D5B99 /* AAChartKitTests.m */ = {isa = PBXFileReference; lastKnownFileType = sourcecode.c.objc; path = AAChartKitTests.m; sourceTree = "<group>"; };
		7172A3F21E763EA6000D5B99 /* Info.plist */ = {isa = PBXFileReference; lastKnownFileType = text.plist.xml; path = Info.plist; sourceTree = "<group>"; };
		7172A3F71E763EA6000D5B99 /* AAChartKitUITests.xctest */ = {isa = PBXFileReference; explicitFileType = wrapper.cfbundle; includeInIndex = 0; path = AAChartKitUITests.xctest; sourceTree = BUILT_PRODUCTS_DIR; };
		7172A3FB1E763EA6000D5B99 /* AAChartKitUITests.m */ = {isa = PBXFileReference; lastKnownFileType = sourcecode.c.objc; path = AAChartKitUITests.m; sourceTree = "<group>"; };
		7172A3FD1E763EA6000D5B99 /* Info.plist */ = {isa = PBXFileReference; lastKnownFileType = text.plist.xml; path = Info.plist; sourceTree = "<group>"; };
		7172A4581E763FDB000D5B99 /* PrefixHeader.pch */ = {isa = PBXFileReference; lastKnownFileType = sourcecode.c.h; path = PrefixHeader.pch; sourceTree = "<group>"; };
/* End PBXFileReference section */

/* Begin PBXFrameworksBuildPhase section */
		7172A3D01E763EA6000D5B99 /* Frameworks */ = {
			isa = PBXFrameworksBuildPhase;
			buildActionMask = 2147483647;
			files = (
			);
			runOnlyForDeploymentPostprocessing = 0;
		};
		7172A3E91E763EA6000D5B99 /* Frameworks */ = {
			isa = PBXFrameworksBuildPhase;
			buildActionMask = 2147483647;
			files = (
			);
			runOnlyForDeploymentPostprocessing = 0;
		};
		7172A3F41E763EA6000D5B99 /* Frameworks */ = {
			isa = PBXFrameworksBuildPhase;
			buildActionMask = 2147483647;
			files = (
			);
			runOnlyForDeploymentPostprocessing = 0;
		};
/* End PBXFrameworksBuildPhase section */

/* Begin PBXGroup section */
		643141D11EF43CDA0042B3CB /* AAChartKit */ = {
			isa = PBXGroup;
			children = (
				643141D21EF43CDA0042B3CB /* AAChartConfiger */,
				643141DD1EF43CDA0042B3CB /* AAJSFiles */,
				643141E41EF43CDA0042B3CB /* AAOptionsModel */,
				643142191EF43CDA0042B3CB /* LICENSE */,
				643141DC1EF43CDA0042B3CB /* AAChartKit.podspec */,
			);
			name = AAChartKit;
			path = AAChartKit/AAChartKit;
			sourceTree = "<group>";
		};
		643141D21EF43CDA0042B3CB /* AAChartConfiger */ = {
			isa = PBXGroup;
			children = (
				643141D31EF43CDA0042B3CB /* AAChartModel.h */,
				643141D41EF43CDA0042B3CB /* AAChartModel.m */,
				643141D51EF43CDA0042B3CB /* AAChartView.h */,
				643141D61EF43CDA0042B3CB /* AAChartView.m */,
				643141D71EF43CDA0042B3CB /* AAGlobalMacro.h */,
				643141D81EF43CDA0042B3CB /* AAJsonConverter.h */,
				643141D91EF43CDA0042B3CB /* AAJsonConverter.m */,
				643141DA1EF43CDA0042B3CB /* AAOptionsConstructor.h */,
				643141DB1EF43CDA0042B3CB /* AAOptionsConstructor.m */,
			);
			path = AAChartConfiger;
			sourceTree = "<group>";
		};
		643141DD1EF43CDA0042B3CB /* AAJSFiles */ = {
			isa = PBXGroup;
			children = (
				643141DE1EF43CDA0042B3CB /* AAChartView.html */,
				643141E31EF43CDA0042B3CB /* AAJQueryLibrary.js */,
				643141E11EF43CDA0042B3CB /* AAHighchartsLibrary.js */,
				643141E21EF43CDA0042B3CB /* AAHighchartsMore.js */,
				643141E01EF43CDA0042B3CB /* AAHighcharts-3d.js */,
				643141DF1EF43CDA0042B3CB /* AAFunnel.js */,
			);
			path = AAJSFiles;
			sourceTree = "<group>";
		};
		643141E41EF43CDA0042B3CB /* AAOptionsModel */ = {
			isa = PBXGroup;
			children = (
				643141E51EF43CDA0042B3CB /* AAAnimation.h */,
				643141E61EF43CDA0042B3CB /* AAAnimation.m */,
				643141E71EF43CDA0042B3CB /* AAArea.h */,
				643141E81EF43CDA0042B3CB /* AAArea.m */,
				643141E91EF43CDA0042B3CB /* AAAreaspline.h */,
				643141EA1EF43CDA0042B3CB /* AAAreaspline.m */,
				643141EB1EF43CDA0042B3CB /* AABar.h */,
				643141EC1EF43CDA0042B3CB /* AABar.m */,
				643141ED1EF43CDA0042B3CB /* AAChart.h */,
				643141EE1EF43CDA0042B3CB /* AAChart.m */,
				643141EF1EF43CDA0042B3CB /* AAColumn.h */,
				643141F01EF43CDA0042B3CB /* AAColumn.m */,
				643141F11EF43CDA0042B3CB /* AADataLabels.h */,
				643141F21EF43CDA0042B3CB /* AADataLabels.m */,
				643141F31EF43CDA0042B3CB /* AAItemStyle.h */,
				643141F41EF43CDA0042B3CB /* AAItemStyle.m */,
				643141F51EF43CDA0042B3CB /* AALabels.h */,
				643141F61EF43CDA0042B3CB /* AALabels.m */,
				643141F71EF43CDA0042B3CB /* AALegend.h */,
				643141F81EF43CDA0042B3CB /* AALegend.m */,
				643141F91EF43CDA0042B3CB /* AALine.h */,
				643141FA1EF43CDA0042B3CB /* AALine.m */,
				643141FB1EF43CDA0042B3CB /* AAMarker.h */,
				643141FC1EF43CDA0042B3CB /* AAMarker.m */,
				643141FD1EF43CDA0042B3CB /* AAOptions.h */,
				643141FE1EF43CDA0042B3CB /* AAOptions.m */,
				643141FF1EF43CDA0042B3CB /* AAOptions3d.h */,
				643142001EF43CDA0042B3CB /* AAOptions3d.m */,
				643142011EF43CDA0042B3CB /* AAPie.h */,
				643142021EF43CDA0042B3CB /* AAPie.m */,
				643142031EF43CDA0042B3CB /* AAPlotLinesElement.h */,
				643142041EF43CDA0042B3CB /* AAPlotLinesElement.m */,
				643142051EF43CDA0042B3CB /* AAPlotOptions.h */,
				643142061EF43CDA0042B3CB /* AAPlotOptions.m */,
				643142071EF43CDA0042B3CB /* AASeries.h */,
				643142081EF43CDA0042B3CB /* AASeries.m */,
				643142091EF43CDA0042B3CB /* AASeriesElement.h */,
				6431420A1EF43CDA0042B3CB /* AASeriesElement.m */,
				6431420B1EF43CDA0042B3CB /* AASpline.h */,
				6431420C1EF43CDA0042B3CB /* AASpline.m */,
				6431420D1EF43CDA0042B3CB /* AAStyle.h */,
				6431420E1EF43CDA0042B3CB /* AAStyle.m */,
				6431420F1EF43CDA0042B3CB /* AASubtitle.h */,
				643142101EF43CDA0042B3CB /* AASubtitle.m */,
				643142111EF43CDA0042B3CB /* AATitle.h */,
				643142121EF43CDA0042B3CB /* AATitle.m */,
				643142131EF43CDA0042B3CB /* AATooltip.h */,
				643142141EF43CDA0042B3CB /* AATooltip.m */,
				643142151EF43CDA0042B3CB /* AAXAxis.h */,
				643142161EF43CDA0042B3CB /* AAXAxis.m */,
				643142171EF43CDA0042B3CB /* AAYAxis.h */,
				643142181EF43CDA0042B3CB /* AAYAxis.m */,
			);
			path = AAOptionsModel;
			sourceTree = "<group>";
		};
		713F54341E7B71C000D506C7 /* ChartsDemo */ = {
			isa = PBXGroup;
			children = (
				719C3E1A1EC94C9A00FAF38E /* ChartSamples */,
				713F54371E7B71C000D506C7 /* FirstViewController.h */,
				713F54381E7B71C000D506C7 /* FirstViewController.m */,
				713F54391E7B71C000D506C7 /* SecondViewController.h */,
				713F543A1E7B71C000D506C7 /* SecondViewController.m */,
				645E59531E8403710039A0A1 /* SpecialChartVC.h */,
				645E59541E8403710039A0A1 /* SpecialChartVC.m */,
			);
			path = ChartsDemo;
			sourceTree = "<group>";
		};
		7172A3CA1E763EA6000D5B99 = {
			isa = PBXGroup;
			children = (
				643141D11EF43CDA0042B3CB /* AAChartKit */,
				7172A3D51E763EA6000D5B99 /* AAChartKitDemo */,
				7172A3EF1E763EA6000D5B99 /* AAChartKitTests */,
				7172A3FA1E763EA6000D5B99 /* AAChartKitUITests */,
				7172A3D41E763EA6000D5B99 /* Products */,
			);
			sourceTree = "<group>";
		};
		7172A3D41E763EA6000D5B99 /* Products */ = {
			isa = PBXGroup;
			children = (
				7172A3D31E763EA6000D5B99 /* AAChartKit.app */,
				7172A3EC1E763EA6000D5B99 /* AAChartKitTests.xctest */,
				7172A3F71E763EA6000D5B99 /* AAChartKitUITests.xctest */,
			);
			name = Products;
			sourceTree = "<group>";
		};
		7172A3D51E763EA6000D5B99 /* AAChartKitDemo */ = {
			isa = PBXGroup;
			children = (
				7172A4581E763FDB000D5B99 /* PrefixHeader.pch */,
				7172A3D91E763EA6000D5B99 /* AppDelegate.h */,
				7172A3DA1E763EA6000D5B99 /* AppDelegate.m */,
				7172A3DF1E763EA6000D5B99 /* Main.storyboard */,
				713F54341E7B71C000D506C7 /* ChartsDemo */,
				7172A3E21E763EA6000D5B99 /* Assets.xcassets */,
				7172A3E41E763EA6000D5B99 /* LaunchScreen.storyboard */,
				7172A3E71E763EA6000D5B99 /* Info.plist */,
				7172A3D61E763EA6000D5B99 /* Supporting Files */,
			);
			name = AAChartKitDemo;
			path = AAChartKit;
			sourceTree = "<group>";
		};
		7172A3D61E763EA6000D5B99 /* Supporting Files */ = {
			isa = PBXGroup;
			children = (
				7172A3D71E763EA6000D5B99 /* main.m */,
			);
			name = "Supporting Files";
			sourceTree = "<group>";
		};
		7172A3EF1E763EA6000D5B99 /* AAChartKitTests */ = {
			isa = PBXGroup;
			children = (
				7172A3F01E763EA6000D5B99 /* AAChartKitTests.m */,
				7172A3F21E763EA6000D5B99 /* Info.plist */,
			);
			path = AAChartKitTests;
			sourceTree = "<group>";
		};
		7172A3FA1E763EA6000D5B99 /* AAChartKitUITests */ = {
			isa = PBXGroup;
			children = (
				7172A3FB1E763EA6000D5B99 /* AAChartKitUITests.m */,
				7172A3FD1E763EA6000D5B99 /* Info.plist */,
			);
			path = AAChartKitUITests;
			sourceTree = "<group>";
		};
		719C3E1A1EC94C9A00FAF38E /* ChartSamples */ = {
			isa = PBXGroup;
			children = (
				7131910B1E80B2F400382A09 /* IMG_1871.JPG */,
				7131910D1E80B30300382A09 /* IMG_1870.JPG */,
				7131910F1E80B31200382A09 /* IMG_1869.JPG */,
				713191111E80B31800382A09 /* IMG_1868.JPG */,
				713191131E80B32000382A09 /* IMG_1867.JPG */,
				713191151E80B32800382A09 /* IMG_1866.JPG */,
				713191171E80B32C00382A09 /* IMG_1865.JPG */,
				7131911B1E80B33700382A09 /* IMG_1863.JPG */,
				7131911D1E80B6AE00382A09 /* IMG_1873.JPG */,
				64245AC91EC0DD6D005B8021 /* IMG_1874.JPG */,
				64245ACB1EC36307005B8021 /* IMG_1875.JPG */,
				64245ACF1EC36897005B8021 /* IMG_1877.JPG */,
				64245AD31EC3706E005B8021 /* IMG_1878.JPG */,
				64245AD51EC37396005B8021 /* IMG_1879.JPG */,
				64245AD71EC37495005B8021 /* IMG_1880.JPG */,
				64245AD91EC4BA44005B8021 /* IMG_1882.JPG */,
				713F54361E7B71C000D506C7 /* AAChartKitShow.gif */,
				64245ADB1EC8388B005B8021 /* AAChartKitDocumentLive.html */,
			);
			name = ChartSamples;
			sourceTree = "<group>";
		};
/* End PBXGroup section */

/* Begin PBXNativeTarget section */
		7172A3D21E763EA6000D5B99 /* AAChartKit */ = {
			isa = PBXNativeTarget;
			buildConfigurationList = 7172A4001E763EA6000D5B99 /* Build configuration list for PBXNativeTarget "AAChartKit" */;
			buildPhases = (
				7172A3CF1E763EA6000D5B99 /* Sources */,
				7172A3D01E763EA6000D5B99 /* Frameworks */,
				7172A3D11E763EA6000D5B99 /* Resources */,
			);
			buildRules = (
			);
			dependencies = (
			);
			name = AAChartKit;
			productName = AAChartKit;
			productReference = 7172A3D31E763EA6000D5B99 /* AAChartKit.app */;
			productType = "com.apple.product-type.application";
		};
		7172A3EB1E763EA6000D5B99 /* AAChartKitTests */ = {
			isa = PBXNativeTarget;
			buildConfigurationList = 7172A4031E763EA6000D5B99 /* Build configuration list for PBXNativeTarget "AAChartKitTests" */;
			buildPhases = (
				7172A3E81E763EA6000D5B99 /* Sources */,
				7172A3E91E763EA6000D5B99 /* Frameworks */,
				7172A3EA1E763EA6000D5B99 /* Resources */,
			);
			buildRules = (
			);
			dependencies = (
				7172A3EE1E763EA6000D5B99 /* PBXTargetDependency */,
			);
			name = AAChartKitTests;
			productName = AAChartKitTests;
			productReference = 7172A3EC1E763EA6000D5B99 /* AAChartKitTests.xctest */;
			productType = "com.apple.product-type.bundle.unit-test";
		};
		7172A3F61E763EA6000D5B99 /* AAChartKitUITests */ = {
			isa = PBXNativeTarget;
			buildConfigurationList = 7172A4061E763EA6000D5B99 /* Build configuration list for PBXNativeTarget "AAChartKitUITests" */;
			buildPhases = (
				7172A3F31E763EA6000D5B99 /* Sources */,
				7172A3F41E763EA6000D5B99 /* Frameworks */,
				7172A3F51E763EA6000D5B99 /* Resources */,
			);
			buildRules = (
			);
			dependencies = (
				7172A3F91E763EA6000D5B99 /* PBXTargetDependency */,
			);
			name = AAChartKitUITests;
			productName = AAChartKitUITests;
			productReference = 7172A3F71E763EA6000D5B99 /* AAChartKitUITests.xctest */;
			productType = "com.apple.product-type.bundle.ui-testing";
		};
/* End PBXNativeTarget section */

/* Begin PBXProject section */
		7172A3CB1E763EA6000D5B99 /* Project object */ = {
			isa = PBXProject;
			attributes = {
				LastUpgradeCheck = 0820;
				ORGANIZATIONNAME = "Danny boy";
				TargetAttributes = {
					7172A3D21E763EA6000D5B99 = {
						CreatedOnToolsVersion = 8.2.1;
						DevelopmentTeam = BPAYP34L8N;
						ProvisioningStyle = Automatic;
					};
					7172A3EB1E763EA6000D5B99 = {
						CreatedOnToolsVersion = 8.2.1;
						ProvisioningStyle = Automatic;
						TestTargetID = 7172A3D21E763EA6000D5B99;
					};
					7172A3F61E763EA6000D5B99 = {
						CreatedOnToolsVersion = 8.2.1;
						ProvisioningStyle = Automatic;
						TestTargetID = 7172A3D21E763EA6000D5B99;
					};
				};
			};
			buildConfigurationList = 7172A3CE1E763EA6000D5B99 /* Build configuration list for PBXProject "AAChartKit" */;
			compatibilityVersion = "Xcode 3.2";
			developmentRegion = English;
			hasScannedForEncodings = 0;
			knownRegions = (
				en,
				Base,
			);
			mainGroup = 7172A3CA1E763EA6000D5B99;
			productRefGroup = 7172A3D41E763EA6000D5B99 /* Products */;
			projectDirPath = "";
			projectRoot = "";
			targets = (
				7172A3D21E763EA6000D5B99 /* AAChartKit */,
				7172A3EB1E763EA6000D5B99 /* AAChartKitTests */,
				7172A3F61E763EA6000D5B99 /* AAChartKitUITests */,
			);
		};
/* End PBXProject section */

/* Begin PBXResourcesBuildPhase section */
		7172A3D11E763EA6000D5B99 /* Resources */ = {
			isa = PBXResourcesBuildPhase;
			buildActionMask = 2147483647;
			files = (
				64245ACA1EC0DD6D005B8021 /* IMG_1874.JPG in Resources */,
				64245ADC1EC8388B005B8021 /* AAChartKitDocumentLive.html in Resources */,
				64245AD41EC3706E005B8021 /* IMG_1878.JPG in Resources */,
				7131910C1E80B2F400382A09 /* IMG_1871.JPG in Resources */,
				6431423F1EF43CDA0042B3CB /* LICENSE in Resources */,
				64245ADA1EC4BA44005B8021 /* IMG_1882.JPG in Resources */,
				64245AD01EC36897005B8021 /* IMG_1877.JPG in Resources */,
				64245AD81EC37495005B8021 /* IMG_1880.JPG in Resources */,
				64245AD61EC37396005B8021 /* IMG_1879.JPG in Resources */,
				713191141E80B32000382A09 /* IMG_1867.JPG in Resources */,
				643142231EF43CDA0042B3CB /* AAHighchartsMore.js in Resources */,
				7131910E1E80B30300382A09 /* IMG_1870.JPG in Resources */,
				713191101E80B31200382A09 /* IMG_1869.JPG in Resources */,
				64245ACC1EC36307005B8021 /* IMG_1875.JPG in Resources */,
				713F543C1E7B71C000D506C7 /* AAChartKitShow.gif in Resources */,
				7131911C1E80B33700382A09 /* IMG_1863.JPG in Resources */,
				7172A3E61E763EA6000D5B99 /* LaunchScreen.storyboard in Resources */,
				713191181E80B32C00382A09 /* IMG_1865.JPG in Resources */,
				643142201EF43CDA0042B3CB /* AAFunnel.js in Resources */,
				713191121E80B31800382A09 /* IMG_1868.JPG in Resources */,
				7172A3E31E763EA6000D5B99 /* Assets.xcassets in Resources */,
				643142221EF43CDA0042B3CB /* AAHighchartsLibrary.js in Resources */,
				6431421E1EF43CDA0042B3CB /* AAChartKit.podspec in Resources */,
				713191161E80B32800382A09 /* IMG_1866.JPG in Resources */,
				643142211EF43CDA0042B3CB /* AAHighcharts-3d.js in Resources */,
				643142241EF43CDA0042B3CB /* AAJQueryLibrary.js in Resources */,
				6431421F1EF43CDA0042B3CB /* AAChartView.html in Resources */,
				7172A3E11E763EA6000D5B99 /* Main.storyboard in Resources */,
				7131911E1E80B6AE00382A09 /* IMG_1873.JPG in Resources */,
			);
			runOnlyForDeploymentPostprocessing = 0;
		};
		7172A3EA1E763EA6000D5B99 /* Resources */ = {
			isa = PBXResourcesBuildPhase;
			buildActionMask = 2147483647;
			files = (
			);
			runOnlyForDeploymentPostprocessing = 0;
		};
		7172A3F51E763EA6000D5B99 /* Resources */ = {
			isa = PBXResourcesBuildPhase;
			buildActionMask = 2147483647;
			files = (
			);
			runOnlyForDeploymentPostprocessing = 0;
		};
/* End PBXResourcesBuildPhase section */

/* Begin PBXSourcesBuildPhase section */
		7172A3CF1E763EA6000D5B99 /* Sources */ = {
			isa = PBXSourcesBuildPhase;
			buildActionMask = 2147483647;
			files = (
				643142291EF43CDA0042B3CB /* AAChart.m in Sources */,
				6431423D1EF43CDA0042B3CB /* AAXAxis.m in Sources */,
				643142261EF43CDA0042B3CB /* AAArea.m in Sources */,
				6431421C1EF43CDA0042B3CB /* AAJsonConverter.m in Sources */,
				643142381EF43CDA0042B3CB /* AASpline.m in Sources */,
				6431421D1EF43CDA0042B3CB /* AAOptionsConstructor.m in Sources */,
				6431421A1EF43CDA0042B3CB /* AAChartModel.m in Sources */,
				643142281EF43CDA0042B3CB /* AABar.m in Sources */,
				713F543E1E7B71C000D506C7 /* SecondViewController.m in Sources */,
				6431423B1EF43CDA0042B3CB /* AATitle.m in Sources */,
				643142251EF43CDA0042B3CB /* AAAnimation.m in Sources */,
				643142311EF43CDA0042B3CB /* AAOptions.m in Sources */,
				6431422D1EF43CDA0042B3CB /* AALabels.m in Sources */,
				6431422F1EF43CDA0042B3CB /* AALine.m in Sources */,
				6431422B1EF43CDA0042B3CB /* AADataLabels.m in Sources */,
				643142391EF43CDA0042B3CB /* AAStyle.m in Sources */,
				6431421B1EF43CDA0042B3CB /* AAChartView.m in Sources */,
				643142351EF43CDA0042B3CB /* AAPlotOptions.m in Sources */,
				643142321EF43CDA0042B3CB /* AAOptions3d.m in Sources */,
				643142301EF43CDA0042B3CB /* AAMarker.m in Sources */,
				6431422A1EF43CDA0042B3CB /* AAColumn.m in Sources */,
				6431422C1EF43CDA0042B3CB /* AAItemStyle.m in Sources */,
				643142271EF43CDA0042B3CB /* AAAreaspline.m in Sources */,
				643142341EF43CDA0042B3CB /* AAPlotLinesElement.m in Sources */,
				643142331EF43CDA0042B3CB /* AAPie.m in Sources */,
				6431422E1EF43CDA0042B3CB /* AALegend.m in Sources */,
				6431423E1EF43CDA0042B3CB /* AAYAxis.m in Sources */,
				7172A3DB1E763EA6000D5B99 /* AppDelegate.m in Sources */,
				643142371EF43CDA0042B3CB /* AASeriesElement.m in Sources */,
				7172A3D81E763EA6000D5B99 /* main.m in Sources */,
				645E59551E8403710039A0A1 /* SpecialChartVC.m in Sources */,
				6431423C1EF43CDA0042B3CB /* AATooltip.m in Sources */,
				643142361EF43CDA0042B3CB /* AASeries.m in Sources */,
				713F543D1E7B71C000D506C7 /* FirstViewController.m in Sources */,
				6431423A1EF43CDA0042B3CB /* AASubtitle.m in Sources */,
			);
			runOnlyForDeploymentPostprocessing = 0;
		};
		7172A3E81E763EA6000D5B99 /* Sources */ = {
			isa = PBXSourcesBuildPhase;
			buildActionMask = 2147483647;
			files = (
				7172A3F11E763EA6000D5B99 /* AAChartKitTests.m in Sources */,
			);
			runOnlyForDeploymentPostprocessing = 0;
		};
		7172A3F31E763EA6000D5B99 /* Sources */ = {
			isa = PBXSourcesBuildPhase;
			buildActionMask = 2147483647;
			files = (
				7172A3FC1E763EA6000D5B99 /* AAChartKitUITests.m in Sources */,
			);
			runOnlyForDeploymentPostprocessing = 0;
		};
/* End PBXSourcesBuildPhase section */

/* Begin PBXTargetDependency section */
		7172A3EE1E763EA6000D5B99 /* PBXTargetDependency */ = {
			isa = PBXTargetDependency;
			target = 7172A3D21E763EA6000D5B99 /* AAChartKit */;
			targetProxy = 7172A3ED1E763EA6000D5B99 /* PBXContainerItemProxy */;
		};
		7172A3F91E763EA6000D5B99 /* PBXTargetDependency */ = {
			isa = PBXTargetDependency;
			target = 7172A3D21E763EA6000D5B99 /* AAChartKit */;
			targetProxy = 7172A3F81E763EA6000D5B99 /* PBXContainerItemProxy */;
		};
/* End PBXTargetDependency section */

/* Begin PBXVariantGroup section */
		7172A3DF1E763EA6000D5B99 /* Main.storyboard */ = {
			isa = PBXVariantGroup;
			children = (
				7172A3E01E763EA6000D5B99 /* Base */,
			);
			name = Main.storyboard;
			sourceTree = "<group>";
		};
		7172A3E41E763EA6000D5B99 /* LaunchScreen.storyboard */ = {
			isa = PBXVariantGroup;
			children = (
				7172A3E51E763EA6000D5B99 /* Base */,
			);
			name = LaunchScreen.storyboard;
			sourceTree = "<group>";
		};
/* End PBXVariantGroup section */

/* Begin XCBuildConfiguration section */
		7172A3FE1E763EA6000D5B99 /* Debug */ = {
			isa = XCBuildConfiguration;
			buildSettings = {
				ALWAYS_SEARCH_USER_PATHS = NO;
				CLANG_ANALYZER_NONNULL = YES;
				CLANG_CXX_LANGUAGE_STANDARD = "gnu++0x";
				CLANG_CXX_LIBRARY = "libc++";
				CLANG_ENABLE_MODULES = YES;
				CLANG_ENABLE_OBJC_ARC = YES;
				CLANG_WARN_BOOL_CONVERSION = YES;
				CLANG_WARN_CONSTANT_CONVERSION = YES;
				CLANG_WARN_DIRECT_OBJC_ISA_USAGE = YES_ERROR;
				CLANG_WARN_DOCUMENTATION_COMMENTS = YES;
				CLANG_WARN_EMPTY_BODY = YES;
				CLANG_WARN_ENUM_CONVERSION = YES;
				CLANG_WARN_INFINITE_RECURSION = YES;
				CLANG_WARN_INT_CONVERSION = YES;
				CLANG_WARN_OBJC_ROOT_CLASS = YES_ERROR;
				CLANG_WARN_SUSPICIOUS_MOVE = YES;
				CLANG_WARN_UNREACHABLE_CODE = YES;
				CLANG_WARN__DUPLICATE_METHOD_MATCH = YES;
				"CODE_SIGN_IDENTITY[sdk=iphoneos*]" = "iPhone Developer";
				COPY_PHASE_STRIP = NO;
				DEBUG_INFORMATION_FORMAT = dwarf;
				ENABLE_STRICT_OBJC_MSGSEND = YES;
				ENABLE_TESTABILITY = YES;
				GCC_C_LANGUAGE_STANDARD = gnu99;
				GCC_DYNAMIC_NO_PIC = NO;
				GCC_NO_COMMON_BLOCKS = YES;
				GCC_OPTIMIZATION_LEVEL = 0;
				GCC_PREPROCESSOR_DEFINITIONS = (
					"DEBUG=1",
					"$(inherited)",
				);
				GCC_WARN_64_TO_32_BIT_CONVERSION = YES;
				GCC_WARN_ABOUT_RETURN_TYPE = YES_ERROR;
				GCC_WARN_UNDECLARED_SELECTOR = YES;
				GCC_WARN_UNINITIALIZED_AUTOS = YES_AGGRESSIVE;
				GCC_WARN_UNUSED_FUNCTION = YES;
				GCC_WARN_UNUSED_VARIABLE = YES;
				IPHONEOS_DEPLOYMENT_TARGET = 10.2;
				MTL_ENABLE_DEBUG_INFO = YES;
				ONLY_ACTIVE_ARCH = YES;
				SDKROOT = iphoneos;
				TARGETED_DEVICE_FAMILY = "1,2";
			};
			name = Debug;
		};
		7172A3FF1E763EA6000D5B99 /* Release */ = {
			isa = XCBuildConfiguration;
			buildSettings = {
				ALWAYS_SEARCH_USER_PATHS = NO;
				CLANG_ANALYZER_NONNULL = YES;
				CLANG_CXX_LANGUAGE_STANDARD = "gnu++0x";
				CLANG_CXX_LIBRARY = "libc++";
				CLANG_ENABLE_MODULES = YES;
				CLANG_ENABLE_OBJC_ARC = YES;
				CLANG_WARN_BOOL_CONVERSION = YES;
				CLANG_WARN_CONSTANT_CONVERSION = YES;
				CLANG_WARN_DIRECT_OBJC_ISA_USAGE = YES_ERROR;
				CLANG_WARN_DOCUMENTATION_COMMENTS = YES;
				CLANG_WARN_EMPTY_BODY = YES;
				CLANG_WARN_ENUM_CONVERSION = YES;
				CLANG_WARN_INFINITE_RECURSION = YES;
				CLANG_WARN_INT_CONVERSION = YES;
				CLANG_WARN_OBJC_ROOT_CLASS = YES_ERROR;
				CLANG_WARN_SUSPICIOUS_MOVE = YES;
				CLANG_WARN_UNREACHABLE_CODE = YES;
				CLANG_WARN__DUPLICATE_METHOD_MATCH = YES;
				"CODE_SIGN_IDENTITY[sdk=iphoneos*]" = "iPhone Developer";
				COPY_PHASE_STRIP = NO;
				DEBUG_INFORMATION_FORMAT = "dwarf-with-dsym";
				ENABLE_NS_ASSERTIONS = NO;
				ENABLE_STRICT_OBJC_MSGSEND = YES;
				GCC_C_LANGUAGE_STANDARD = gnu99;
				GCC_NO_COMMON_BLOCKS = YES;
				GCC_WARN_64_TO_32_BIT_CONVERSION = YES;
				GCC_WARN_ABOUT_RETURN_TYPE = YES_ERROR;
				GCC_WARN_UNDECLARED_SELECTOR = YES;
				GCC_WARN_UNINITIALIZED_AUTOS = YES_AGGRESSIVE;
				GCC_WARN_UNUSED_FUNCTION = YES;
				GCC_WARN_UNUSED_VARIABLE = YES;
				IPHONEOS_DEPLOYMENT_TARGET = 10.2;
				MTL_ENABLE_DEBUG_INFO = NO;
				SDKROOT = iphoneos;
				TARGETED_DEVICE_FAMILY = "1,2";
				VALIDATE_PRODUCT = YES;
			};
			name = Release;
		};
		7172A4011E763EA6000D5B99 /* Debug */ = {
			isa = XCBuildConfiguration;
			buildSettings = {
				ASSETCATALOG_COMPILER_APPICON_NAME = AppIcon;
				DEVELOPMENT_TEAM = BPAYP34L8N;
				GCC_PRECOMPILE_PREFIX_HEADER = YES;
				GCC_PREFIX_HEADER = "$(SRCROOT)/AAChartKit/PrefixHeader.pch";
				INFOPLIST_FILE = AAChartKit/Info.plist;
				IPHONEOS_DEPLOYMENT_TARGET = 8.0;
				LD_RUNPATH_SEARCH_PATHS = "$(inherited) @executable_path/Frameworks";
				PRODUCT_BUNDLE_IDENTIFIER = AAChartKit;
				PRODUCT_NAME = "$(TARGET_NAME)";
			};
			name = Debug;
		};
		7172A4021E763EA6000D5B99 /* Release */ = {
			isa = XCBuildConfiguration;
			buildSettings = {
				ASSETCATALOG_COMPILER_APPICON_NAME = AppIcon;
				DEVELOPMENT_TEAM = BPAYP34L8N;
				GCC_PRECOMPILE_PREFIX_HEADER = YES;
				GCC_PREFIX_HEADER = "$(SRCROOT)/AAChartKit/PrefixHeader.pch";
				INFOPLIST_FILE = AAChartKit/Info.plist;
				IPHONEOS_DEPLOYMENT_TARGET = 8.0;
				LD_RUNPATH_SEARCH_PATHS = "$(inherited) @executable_path/Frameworks";
				PRODUCT_BUNDLE_IDENTIFIER = AAChartKit;
				PRODUCT_NAME = "$(TARGET_NAME)";
			};
			name = Release;
		};
		7172A4041E763EA6000D5B99 /* Debug */ = {
			isa = XCBuildConfiguration;
			buildSettings = {
				BUNDLE_LOADER = "$(TEST_HOST)";
				INFOPLIST_FILE = AAChartKitTests/Info.plist;
				LD_RUNPATH_SEARCH_PATHS = "$(inherited) @executable_path/Frameworks @loader_path/Frameworks";
				PRODUCT_BUNDLE_IDENTIFIER = Hobbies.AAChartKitTests;
				PRODUCT_NAME = "$(TARGET_NAME)";
				TEST_HOST = "$(BUILT_PRODUCTS_DIR)/AAChartKit.app/AAChartKit";
			};
			name = Debug;
		};
		7172A4051E763EA6000D5B99 /* Release */ = {
			isa = XCBuildConfiguration;
			buildSettings = {
				BUNDLE_LOADER = "$(TEST_HOST)";
				INFOPLIST_FILE = AAChartKitTests/Info.plist;
				LD_RUNPATH_SEARCH_PATHS = "$(inherited) @executable_path/Frameworks @loader_path/Frameworks";
				PRODUCT_BUNDLE_IDENTIFIER = Hobbies.AAChartKitTests;
				PRODUCT_NAME = "$(TARGET_NAME)";
				TEST_HOST = "$(BUILT_PRODUCTS_DIR)/AAChartKit.app/AAChartKit";
			};
			name = Release;
		};
		7172A4071E763EA6000D5B99 /* Debug */ = {
			isa = XCBuildConfiguration;
			buildSettings = {
				INFOPLIST_FILE = AAChartKitUITests/Info.plist;
				LD_RUNPATH_SEARCH_PATHS = "$(inherited) @executable_path/Frameworks @loader_path/Frameworks";
				PRODUCT_BUNDLE_IDENTIFIER = Hobbies.AAChartKitUITests;
				PRODUCT_NAME = "$(TARGET_NAME)";
				TEST_TARGET_NAME = AAChartKit;
			};
			name = Debug;
		};
		7172A4081E763EA6000D5B99 /* Release */ = {
			isa = XCBuildConfiguration;
			buildSettings = {
				INFOPLIST_FILE = AAChartKitUITests/Info.plist;
				LD_RUNPATH_SEARCH_PATHS = "$(inherited) @executable_path/Frameworks @loader_path/Frameworks";
				PRODUCT_BUNDLE_IDENTIFIER = Hobbies.AAChartKitUITests;
				PRODUCT_NAME = "$(TARGET_NAME)";
				TEST_TARGET_NAME = AAChartKit;
			};
			name = Release;
		};
/* End XCBuildConfiguration section */

/* Begin XCConfigurationList section */
		7172A3CE1E763EA6000D5B99 /* Build configuration list for PBXProject "AAChartKit" */ = {
			isa = XCConfigurationList;
			buildConfigurations = (
				7172A3FE1E763EA6000D5B99 /* Debug */,
				7172A3FF1E763EA6000D5B99 /* Release */,
			);
			defaultConfigurationIsVisible = 0;
			defaultConfigurationName = Release;
		};
		7172A4001E763EA6000D5B99 /* Build configuration list for PBXNativeTarget "AAChartKit" */ = {
			isa = XCConfigurationList;
			buildConfigurations = (
				7172A4011E763EA6000D5B99 /* Debug */,
				7172A4021E763EA6000D5B99 /* Release */,
			);
			defaultConfigurationIsVisible = 0;
			defaultConfigurationName = Release;
		};
		7172A4031E763EA6000D5B99 /* Build configuration list for PBXNativeTarget "AAChartKitTests" */ = {
			isa = XCConfigurationList;
			buildConfigurations = (
				7172A4041E763EA6000D5B99 /* Debug */,
				7172A4051E763EA6000D5B99 /* Release */,
			);
			defaultConfigurationIsVisible = 0;
			defaultConfigurationName = Release;
		};
		7172A4061E763EA6000D5B99 /* Build configuration list for PBXNativeTarget "AAChartKitUITests" */ = {
			isa = XCConfigurationList;
			buildConfigurations = (
				7172A4071E763EA6000D5B99 /* Debug */,
				7172A4081E763EA6000D5B99 /* Release */,
			);
			defaultConfigurationIsVisible = 0;
			defaultConfigurationName = Release;
		};
/* End XCConfigurationList section */
	};
	rootObject = 7172A3CB1E763EA6000D5B99 /* Project object */;
}
