// !$*UTF8*$!
{
	archiveVersion = 1;
	classes = {
	};
	objectVersion = 46;
	objects = {

/* Begin PBXBuildFile section */
		1E66D1FB210AF4ED007EAB8C /* AAJSFiles.bundle in Resources */ = {isa = PBXBuildFile; fileRef = 1E66D1BC210AF4EC007EAB8C /* AAJSFiles.bundle */; };
		1E66D1FC210AF4ED007EAB8C /* AAAreaspline.m in Sources */ = {isa = PBXBuildFile; fileRef = 1E66D1BF210AF4EC007EAB8C /* AAAreaspline.m */; };
		1E66D1FD210AF4ED007EAB8C /* AALabels.m in Sources */ = {isa = PBXBuildFile; fileRef = 1E66D1C1210AF4EC007EAB8C /* AALabels.m */; };
		1E66D1FE210AF4ED007EAB8C /* AASeries.m in Sources */ = {isa = PBXBuildFile; fileRef = 1E66D1C4210AF4EC007EAB8C /* AASeries.m */; };
		1E66D1FF210AF4ED007EAB8C /* AAXAxis.m in Sources */ = {isa = PBXBuildFile; fileRef = 1E66D1C5210AF4EC007EAB8C /* AAXAxis.m */; };
		1E66D200210AF4ED007EAB8C /* AAPlotOptions.m in Sources */ = {isa = PBXBuildFile; fileRef = 1E66D1C7210AF4EC007EAB8C /* AAPlotOptions.m */; };
		1E66D201210AF4ED007EAB8C /* AADataLabels.m in Sources */ = {isa = PBXBuildFile; fileRef = 1E66D1C8210AF4EC007EAB8C /* AADataLabels.m */; };
		1E66D202210AF4ED007EAB8C /* AALine.m in Sources */ = {isa = PBXBuildFile; fileRef = 1E66D1C9210AF4EC007EAB8C /* AALine.m */; };
		1E66D203210AF4ED007EAB8C /* AATooltip.m in Sources */ = {isa = PBXBuildFile; fileRef = 1E66D1CC210AF4EC007EAB8C /* AATooltip.m */; };
		1E66D205210AF4ED007EAB8C /* AAYAxis.m in Sources */ = {isa = PBXBuildFile; fileRef = 1E66D1CF210AF4EC007EAB8C /* AAYAxis.m */; };
		1E66D206210AF4ED007EAB8C /* AACrosshair.m in Sources */ = {isa = PBXBuildFile; fileRef = 1E66D1D0210AF4EC007EAB8C /* AACrosshair.m */; };
		1E66D207210AF4ED007EAB8C /* AAColumn.m in Sources */ = {isa = PBXBuildFile; fileRef = 1E66D1D5210AF4EC007EAB8C /* AAColumn.m */; };
		1E66D208210AF4ED007EAB8C /* AAPlotLinesElement.m in Sources */ = {isa = PBXBuildFile; fileRef = 1E66D1D6210AF4EC007EAB8C /* AAPlotLinesElement.m */; };
		1E66D20A210AF4ED007EAB8C /* AAStyle.m in Sources */ = {isa = PBXBuildFile; fileRef = 1E66D1DA210AF4EC007EAB8C /* AAStyle.m */; };
		1E66D20B210AF4ED007EAB8C /* AABar.m in Sources */ = {isa = PBXBuildFile; fileRef = 1E66D1DB210AF4EC007EAB8C /* AABar.m */; };
		1E66D20C210AF4ED007EAB8C /* AATitle.m in Sources */ = {isa = PBXBuildFile; fileRef = 1E66D1DC210AF4EC007EAB8C /* AATitle.m */; };
		1E66D20D210AF4ED007EAB8C /* AAArea.m in Sources */ = {isa = PBXBuildFile; fileRef = 1E66D1DF210AF4EC007EAB8C /* AAArea.m */; };
		1E66D20E210AF4ED007EAB8C /* AAAnimation.m in Sources */ = {isa = PBXBuildFile; fileRef = 1E66D1E0210AF4EC007EAB8C /* AAAnimation.m */; };
		1E66D20F210AF4ED007EAB8C /* AALegend.m in Sources */ = {isa = PBXBuildFile; fileRef = 1E66D1E1210AF4EC007EAB8C /* AALegend.m */; };
		1E66D210210AF4ED007EAB8C /* AAMarker.m in Sources */ = {isa = PBXBuildFile; fileRef = 1E66D1E3210AF4EC007EAB8C /* AAMarker.m */; };
		1E66D211210AF4ED007EAB8C /* AASpline.m in Sources */ = {isa = PBXBuildFile; fileRef = 1E66D1E7210AF4EC007EAB8C /* AASpline.m */; };
		1E66D213210AF4ED007EAB8C /* AAPie.m in Sources */ = {isa = PBXBuildFile; fileRef = 1E66D1E9210AF4EC007EAB8C /* AAPie.m */; };
		1E66D214210AF4ED007EAB8C /* AAChart.m in Sources */ = {isa = PBXBuildFile; fileRef = 1E66D1EF210AF4EC007EAB8C /* AAChart.m */; };
		1E66D215210AF4ED007EAB8C /* AAChartView.m in Sources */ = {isa = PBXBuildFile; fileRef = 1E66D1F2210AF4EC007EAB8C /* AAChartView.m */; };
		1E66D216210AF4ED007EAB8C /* AAChartModel.m in Sources */ = {isa = PBXBuildFile; fileRef = 1E66D1F5210AF4EC007EAB8C /* AAChartModel.m */; };
		1E66D217210AF4ED007EAB8C /* AAOptions.m in Sources */ = {isa = PBXBuildFile; fileRef = 1E66D1F7210AF4EC007EAB8C /* AAOptions.m */; };
		1E66D218210AF4ED007EAB8C /* AASeriesElement.m in Sources */ = {isa = PBXBuildFile; fileRef = 1E66D1F8210AF4EC007EAB8C /* AASeriesElement.m */; };
		272BBE7B21A28D0C00DBE69D /* AAColor.m in Sources */ = {isa = PBXBuildFile; fileRef = 272BBE7A21A28D0C00DBE69D /* AAColor.m */; };
		272D80B31F91EC9E008A2D20 /* ShowManyChartViewVC.m in Sources */ = {isa = PBXBuildFile; fileRef = 272D80B21F91EC9E008A2D20 /* ShowManyChartViewVC.m */; };
		2750145224C03372005A5D73 /* AAShadow.m in Sources */ = {isa = PBXBuildFile; fileRef = 2750145124C03372005A5D73 /* AAShadow.m */; };
		278989BB204F8DBA003940CC /* ChartListVC.m in Sources */ = {isa = PBXBuildFile; fileRef = 278989BA204F8DBA003940CC /* ChartListVC.m */; };
		27D874F6219AB55E0092A461 /* CustomStyleChartVC.m in Sources */ = {isa = PBXBuildFile; fileRef = 27D874F5219AB55E0092A461 /* CustomStyleChartVC.m */; };
		27E38C651F0E47BA00FB52E1 /* ChartAnimationTypeVC.m in Sources */ = {isa = PBXBuildFile; fileRef = 27E38C641F0E47BA00FB52E1 /* ChartAnimationTypeVC.m */; };
		27E475F524B2111400690657 /* AABaseChartVC.m in Sources */ = {isa = PBXBuildFile; fileRef = 27E475F424B2111400690657 /* AABaseChartVC.m */; };
		27EB89D8248BB38B007E6A6B /* ChartAdvancedUpdatingFeatureVC.m in Sources */ = {isa = PBXBuildFile; fileRef = 27EB89D7248BB38B007E6A6B /* ChartAdvancedUpdatingFeatureVC.m */; };
		27EB8A8D24986DCE007E6A6B /* DataSortingWithAnimationChartVC.m in Sources */ = {isa = PBXBuildFile; fileRef = 27EB8A8C24986DCE007E6A6B /* DataSortingWithAnimationChartVC.m */; };
		27F0CA7921018998004BD904 /* AADateUTCTool.m in Sources */ = {isa = PBXBuildFile; fileRef = 27F0CA7821018998004BD904 /* AADateUTCTool.m */; };
		440B098024C189950056CE08 /* AACredits.m in Sources */ = {isa = PBXBuildFile; fileRef = 440B097F24C189950056CE08 /* AACredits.m */; };
		440B098324C190F60056CE08 /* AALang.m in Sources */ = {isa = PBXBuildFile; fileRef = 440B098224C190F60056CE08 /* AALang.m */; };
		44143D3921A1950300D44657 /* AAGradientColor.m in Sources */ = {isa = PBXBuildFile; fileRef = 44143D3821A1950300D44657 /* AAGradientColor.m */; };
		441AF0BD233746DD00F0D39D /* EvaluateJSStringFunctionVC.m in Sources */ = {isa = PBXBuildFile; fileRef = 441AF0BC233746DC00F0D39D /* EvaluateJSStringFunctionVC.m */; };
		44209B0921B0D2DD004EC321 /* HideOrShowChartSeriesVC.m in Sources */ = {isa = PBXBuildFile; fileRef = 44209B0821B0D2DD004EC321 /* HideOrShowChartSeriesVC.m */; };
		44711747217E2C88009D9FB0 /* SpecialChartVC.m in Sources */ = {isa = PBXBuildFile; fileRef = 44711744217E2C87009D9FB0 /* SpecialChartVC.m */; };
		44711748217E2C88009D9FB0 /* MixedChartVC.m in Sources */ = {isa = PBXBuildFile; fileRef = 44711745217E2C87009D9FB0 /* MixedChartVC.m */; };
		44711749217E2C88009D9FB0 /* DrawChartWithAAOptionsVC.m in Sources */ = {isa = PBXBuildFile; fileRef = 44711746217E2C87009D9FB0 /* DrawChartWithAAOptionsVC.m */; };
		447B4B3321C9E04E00FDA965 /* AAEasyTool.m in Sources */ = {isa = PBXBuildFile; fileRef = 447B4B3221C9E04E00FDA965 /* AAEasyTool.m */; };
		448330BB24E272FB00368A30 /* NSString+toPureJSString.m in Sources */ = {isa = PBXBuildFile; fileRef = 448330BA24E272FA00368A30 /* NSString+toPureJSString.m */; };
		448330C124E2791400368A30 /* NSArray+toJSArray.m in Sources */ = {isa = PBXBuildFile; fileRef = 448330C024E2791400368A30 /* NSArray+toJSArray.m */; };
		4486C50D23DE02A900B54849 /* DoubleChartsLinkedWorkVC.m in Sources */ = {isa = PBXBuildFile; fileRef = 4486C50C23DE02A900B54849 /* DoubleChartsLinkedWorkVC.m */; };
		4486C51023E9BAB300B54849 /* DrawableChartVC.m in Sources */ = {isa = PBXBuildFile; fileRef = 4486C50F23E9BAB300B54849 /* DrawableChartVC.m */; };
		4486D0A62466AFE5000D7FDA /* AAPane.m in Sources */ = {isa = PBXBuildFile; fileRef = 4486D0A52466AFE5000D7FDA /* AAPane.m */; };
		449A0ED423771436009F8FE1 /* ScrollingUpdateDataVC.m in Sources */ = {isa = PBXBuildFile; fileRef = 449A0ED323771436009F8FE1 /* ScrollingUpdateDataVC.m */; };
		449D447A21CFDF5D00E43D9C /* AAPlotBandsElement.m in Sources */ = {isa = PBXBuildFile; fileRef = 449D447921CFDF5D00E43D9C /* AAPlotBandsElement.m */; };
		44C07B9A22A4C6BB00FE7184 /* AlgorithmVC.m in Sources */ = {isa = PBXBuildFile; fileRef = 44C07B9922A4C6BB00FE7184 /* AlgorithmVC.m */; };
		44C8C491226F4D4100AB9E50 /* JSFunctionForAATooltipVC.m in Sources */ = {isa = PBXBuildFile; fileRef = 44C8C490226F4D4100AB9E50 /* JSFunctionForAATooltipVC.m */; };
		44E4137323C339160097D0ED /* AAStates.m in Sources */ = {isa = PBXBuildFile; fileRef = 44E4137223C339160097D0ED /* AAStates.m */; };
		44EF0FA524F759FD00F5639A /* AALineStyle.m in Sources */ = {isa = PBXBuildFile; fileRef = 44EF0FA424F759FD00F5639A /* AALineStyle.m */; };
		44F5F9A121D80BDB002A8D25 /* AALabel.m in Sources */ = {isa = PBXBuildFile; fileRef = 44F5F9A021D80BDB002A8D25 /* AALabel.m */; };
		5860396EC5EB5FD8A6DD2EF4 /* CustomClickEventCallbackMessageVC.m in Sources */ = {isa = PBXBuildFile; fileRef = 58603F3C6D25CFF0EAF49286 /* CustomClickEventCallbackMessageVC.m */; };
		58603C61BAE9EEFFCAA78970 /* AABoxplot.m in Sources */ = {isa = PBXBuildFile; fileRef = 58603EBF3B2F2C183F46663C /* AABoxplot.m */; };
		64AF87601F0A981400A801C4 /* OnlyRefreshChartDataVC.m in Sources */ = {isa = PBXBuildFile; fileRef = 64AF875F1F0A981400A801C4 /* OnlyRefreshChartDataVC.m */; };
		713F543D1E7B71C000D506C7 /* MainVC.m in Sources */ = {isa = PBXBuildFile; fileRef = 713F54381E7B71C000D506C7 /* MainVC.m */; };
		713F543E1E7B71C000D506C7 /* BasicChartVC.m in Sources */ = {isa = PBXBuildFile; fileRef = 713F543A1E7B71C000D506C7 /* BasicChartVC.m */; };
		7172A3D81E763EA6000D5B99 /* main.m in Sources */ = {isa = PBXBuildFile; fileRef = 7172A3D71E763EA6000D5B99 /* main.m */; };
		7172A3DB1E763EA6000D5B99 /* AppDelegate.m in Sources */ = {isa = PBXBuildFile; fileRef = 7172A3DA1E763EA6000D5B99 /* AppDelegate.m */; };
		7172A3E11E763EA6000D5B99 /* Main.storyboard in Resources */ = {isa = PBXBuildFile; fileRef = 7172A3DF1E763EA6000D5B99 /* Main.storyboard */; };
		7172A3E31E763EA6000D5B99 /* Assets.xcassets in Resources */ = {isa = PBXBuildFile; fileRef = 7172A3E21E763EA6000D5B99 /* Assets.xcassets */; };
		7172A3E61E763EA6000D5B99 /* LaunchScreen.storyboard in Resources */ = {isa = PBXBuildFile; fileRef = 7172A3E41E763EA6000D5B99 /* LaunchScreen.storyboard */; };
		7172A3F11E763EA6000D5B99 /* AAChartKitTests.m in Sources */ = {isa = PBXBuildFile; fileRef = 7172A3F01E763EA6000D5B99 /* AAChartKitTests.m */; };
		7172A3FC1E763EA6000D5B99 /* AAChartKitUITests.m in Sources */ = {isa = PBXBuildFile; fileRef = 7172A3FB1E763EA6000D5B99 /* AAChartKitUITests.m */; };
		8418479C28B8D0E300094106 /* JSFunctionForAAChartEventsVC.m in Sources */ = {isa = PBXBuildFile; fileRef = 8418479B28B8D0E300094106 /* JSFunctionForAAChartEventsVC.m */; };
		845589C928C3B27C009D1BC3 /* AAScatter.m in Sources */ = {isa = PBXBuildFile; fileRef = 845589C828C3B27C009D1BC3 /* AAScatter.m */; };
		8463FDD428CADF5800392C50 /* CustomTableViewCell.m in Sources */ = {isa = PBXBuildFile; fileRef = 8463FDD228CADF5800392C50 /* CustomTableViewCell.m */; };
		8463FDD528CADF5800392C50 /* CustomTableViewCell.xib in Resources */ = {isa = PBXBuildFile; fileRef = 8463FDD328CADF5800392C50 /* CustomTableViewCell.xib */; };
		8463FDDE28CB1D5300392C50 /* JSFunctionForAAAxisVC.m in Sources */ = {isa = PBXBuildFile; fileRef = 8463FDDD28CB1D5300392C50 /* JSFunctionForAAAxisVC.m */; };
		8463FDE128CB1F5F00392C50 /* JSFunctionForAALegendVC.m in Sources */ = {isa = PBXBuildFile; fileRef = 8463FDE028CB1F5F00392C50 /* JSFunctionForAALegendVC.m */; };
		846CB10D26A6B14100DE8D5A /* AAColumnrange.m in Sources */ = {isa = PBXBuildFile; fileRef = 846CB10C26A6B14100DE8D5A /* AAColumnrange.m */; };
		8483CEC229D2F40D002E57AA /* AADOMRectModel.m in Sources */ = {isa = PBXBuildFile; fileRef = 8483CEC129D2F40D002E57AA /* AADOMRectModel.m */; };
		848FEAFC265E170C006E4F25 /* TestAAChartViewForXibVC.m in Sources */ = {isa = PBXBuildFile; fileRef = 848FEAFA265E170C006E4F25 /* TestAAChartViewForXibVC.m */; };
		848FEAFD265E170C006E4F25 /* TestAAChartViewForXibVC.xib in Resources */ = {isa = PBXBuildFile; fileRef = 848FEAFB265E170C006E4F25 /* TestAAChartViewForXibVC.xib */; };
		84AE6B1C26A1775A001F0755 /* AADateTimeLabelFormats.m in Sources */ = {isa = PBXBuildFile; fileRef = 84AE6B1B26A1775A001F0755 /* AADateTimeLabelFormats.m */; };
		84B548B626F1CD4E00D4CAFC /* PieChartOptionsVC.m in Sources */ = {isa = PBXBuildFile; fileRef = 84B548B526F1CD4E00D4CAFC /* PieChartOptionsVC.m */; };
		84B548B926F1F08300D4CAFC /* PolarChartOptionsVC.m in Sources */ = {isa = PBXBuildFile; fileRef = 84B548B826F1F08300D4CAFC /* PolarChartOptionsVC.m */; };
		84B548BC26F1F62300D4CAFC /* MultiYAxesChartOptionsVC.m in Sources */ = {isa = PBXBuildFile; fileRef = 84B548BB26F1F62300D4CAFC /* MultiYAxesChartOptionsVC.m */; };
		84B548BF26F1FEC800D4CAFC /* PlotLinesBandsZonesOptionsVC.m in Sources */ = {isa = PBXBuildFile; fileRef = 84B548BE26F1FEC800D4CAFC /* PlotLinesBandsZonesOptionsVC.m */; };
		84B548C226F2E19900D4CAFC /* AreasplineChartOptionsVC.m in Sources */ = {isa = PBXBuildFile; fileRef = 84B548C126F2E19900D4CAFC /* AreasplineChartOptionsVC.m */; };
		84B548C526F2E74800D4CAFC /* TooltipOptionsVC.m in Sources */ = {isa = PBXBuildFile; fileRef = 84B548C426F2E74800D4CAFC /* TooltipOptionsVC.m */; };
		84B548C826F2EE2C00D4CAFC /* DataLabelsOptionsVC.m in Sources */ = {isa = PBXBuildFile; fileRef = 84B548C726F2EE2C00D4CAFC /* DataLabelsOptionsVC.m */; };
		84B548CB26F31B5600D4CAFC /* XAxisYAxisLabelsOptionsVC.m in Sources */ = {isa = PBXBuildFile; fileRef = 84B548CA26F31B5600D4CAFC /* XAxisYAxisLabelsOptionsVC.m */; };
		84B548CE26F31D9B00D4CAFC /* XAxisYAxisTypeOptionsVC.m in Sources */ = {isa = PBXBuildFile; fileRef = 84B548CD26F31D9B00D4CAFC /* XAxisYAxisTypeOptionsVC.m */; };
		84D56E16283928F6000064AA /* AAOptionsConfigurationGenerator.m in Sources */ = {isa = PBXBuildFile; fileRef = 84D56E15283928F6000064AA /* AAOptionsConfigurationGenerator.m */; };
		84E0D36628F2D690004031BE /* JSFunctionForAAOptionsVC.m in Sources */ = {isa = PBXBuildFile; fileRef = 84E0D36528F2D690004031BE /* JSFunctionForAAOptionsVC.m */; };
		84E0D36C28F2D9D4004031BE /* SpecialStyleChartOptionsVC.m in Sources */ = {isa = PBXBuildFile; fileRef = 84E0D36B28F2D9D3004031BE /* SpecialStyleChartOptionsVC.m */; };
		84E0D36F28F2DBBD004031BE /* JSFunctionForAATooltipVC2.m in Sources */ = {isa = PBXBuildFile; fileRef = 84E0D36E28F2DBBD004031BE /* JSFunctionForAATooltipVC2.m */; };
		92445D871FDE1F2A00B3E576 /* MonitorViewController.m in Sources */ = {isa = PBXBuildFile; fileRef = 92445D861FDE1F2A00B3E576 /* MonitorViewController.m */; };
/* End PBXBuildFile section */

/* Begin PBXContainerItemProxy section */
		7172A3ED1E763EA6000D5B99 /* PBXContainerItemProxy */ = {
			isa = PBXContainerItemProxy;
			containerPortal = 7172A3CB1E763EA6000D5B99 /* Project object */;
			proxyType = 1;
			remoteGlobalIDString = 7172A3D21E763EA6000D5B99;
			remoteInfo = AAChartKit;
		};
		7172A3F81E763EA6000D5B99 /* PBXContainerItemProxy */ = {
			isa = PBXContainerItemProxy;
			containerPortal = 7172A3CB1E763EA6000D5B99 /* Project object */;
			proxyType = 1;
			remoteGlobalIDString = 7172A3D21E763EA6000D5B99;
			remoteInfo = AAChartKit;
		};
/* End PBXContainerItemProxy section */

/* Begin PBXFileReference section */
		1E66D1BC210AF4EC007EAB8C /* AAJSFiles.bundle */ = {isa = PBXFileReference; lastKnownFileType = "wrapper.plug-in"; path = AAJSFiles.bundle; sourceTree = "<group>"; };
		1E66D1BE210AF4EC007EAB8C /* AAArea.h */ = {isa = PBXFileReference; fileEncoding = 4; lastKnownFileType = sourcecode.c.h; path = AAArea.h; sourceTree = "<group>"; };
		1E66D1BF210AF4EC007EAB8C /* AAAreaspline.m */ = {isa = PBXFileReference; fileEncoding = 4; lastKnownFileType = sourcecode.c.objc; path = AAAreaspline.m; sourceTree = "<group>"; };
		1E66D1C0210AF4EC007EAB8C /* AATitle.h */ = {isa = PBXFileReference; fileEncoding = 4; lastKnownFileType = sourcecode.c.h; path = AATitle.h; sourceTree = "<group>"; };
		1E66D1C1210AF4EC007EAB8C /* AALabels.m */ = {isa = PBXFileReference; fileEncoding = 4; lastKnownFileType = sourcecode.c.objc; path = AALabels.m; sourceTree = "<group>"; };
		1E66D1C2210AF4EC007EAB8C /* AAStyle.h */ = {isa = PBXFileReference; fileEncoding = 4; lastKnownFileType = sourcecode.c.h; path = AAStyle.h; sourceTree = "<group>"; };
		1E66D1C3210AF4EC007EAB8C /* AABar.h */ = {isa = PBXFileReference; fileEncoding = 4; lastKnownFileType = sourcecode.c.h; path = AABar.h; sourceTree = "<group>"; };
		1E66D1C4210AF4EC007EAB8C /* AASeries.m */ = {isa = PBXFileReference; fileEncoding = 4; lastKnownFileType = sourcecode.c.objc; path = AASeries.m; sourceTree = "<group>"; };
		1E66D1C5210AF4EC007EAB8C /* AAXAxis.m */ = {isa = PBXFileReference; fileEncoding = 4; lastKnownFileType = sourcecode.c.objc; path = AAXAxis.m; sourceTree = "<group>"; };
		1E66D1C7210AF4EC007EAB8C /* AAPlotOptions.m */ = {isa = PBXFileReference; fileEncoding = 4; lastKnownFileType = sourcecode.c.objc; path = AAPlotOptions.m; sourceTree = "<group>"; };
		1E66D1C8210AF4EC007EAB8C /* AADataLabels.m */ = {isa = PBXFileReference; fileEncoding = 4; lastKnownFileType = sourcecode.c.objc; path = AADataLabels.m; sourceTree = "<group>"; };
		1E66D1C9210AF4EC007EAB8C /* AALine.m */ = {isa = PBXFileReference; fileEncoding = 4; lastKnownFileType = sourcecode.c.objc; path = AALine.m; sourceTree = "<group>"; };
		1E66D1CA210AF4EC007EAB8C /* AAMarker.h */ = {isa = PBXFileReference; fileEncoding = 4; lastKnownFileType = sourcecode.c.h; path = AAMarker.h; sourceTree = "<group>"; };
		1E66D1CB210AF4EC007EAB8C /* AALegend.h */ = {isa = PBXFileReference; fileEncoding = 4; lastKnownFileType = sourcecode.c.h; path = AALegend.h; sourceTree = "<group>"; };
		1E66D1CC210AF4EC007EAB8C /* AATooltip.m */ = {isa = PBXFileReference; fileEncoding = 4; lastKnownFileType = sourcecode.c.objc; path = AATooltip.m; sourceTree = "<group>"; };
		1E66D1CD210AF4EC007EAB8C /* AAAnimation.h */ = {isa = PBXFileReference; fileEncoding = 4; lastKnownFileType = sourcecode.c.h; path = AAAnimation.h; sourceTree = "<group>"; };
		1E66D1CF210AF4EC007EAB8C /* AAYAxis.m */ = {isa = PBXFileReference; fileEncoding = 4; lastKnownFileType = sourcecode.c.objc; path = AAYAxis.m; sourceTree = "<group>"; };
		1E66D1D0210AF4EC007EAB8C /* AACrosshair.m */ = {isa = PBXFileReference; fileEncoding = 4; lastKnownFileType = sourcecode.c.objc; path = AACrosshair.m; sourceTree = "<group>"; };
		1E66D1D1210AF4EC007EAB8C /* AAPie.h */ = {isa = PBXFileReference; fileEncoding = 4; lastKnownFileType = sourcecode.c.h; path = AAPie.h; sourceTree = "<group>"; };
		1E66D1D3210AF4EC007EAB8C /* AASpline.h */ = {isa = PBXFileReference; fileEncoding = 4; lastKnownFileType = sourcecode.c.h; path = AASpline.h; sourceTree = "<group>"; };
		1E66D1D4210AF4EC007EAB8C /* AAChart.h */ = {isa = PBXFileReference; fileEncoding = 4; lastKnownFileType = sourcecode.c.h; path = AAChart.h; sourceTree = "<group>"; };
		1E66D1D5210AF4EC007EAB8C /* AAColumn.m */ = {isa = PBXFileReference; fileEncoding = 4; lastKnownFileType = sourcecode.c.objc; path = AAColumn.m; sourceTree = "<group>"; };
		1E66D1D6210AF4EC007EAB8C /* AAPlotLinesElement.m */ = {isa = PBXFileReference; fileEncoding = 4; lastKnownFileType = sourcecode.c.objc; path = AAPlotLinesElement.m; sourceTree = "<group>"; };
		1E66D1D7210AF4EC007EAB8C /* AAXAxis.h */ = {isa = PBXFileReference; fileEncoding = 4; lastKnownFileType = sourcecode.c.h; path = AAXAxis.h; sourceTree = "<group>"; };
		1E66D1D9210AF4EC007EAB8C /* AASeries.h */ = {isa = PBXFileReference; fileEncoding = 4; lastKnownFileType = sourcecode.c.h; path = AASeries.h; sourceTree = "<group>"; };
		1E66D1DA210AF4EC007EAB8C /* AAStyle.m */ = {isa = PBXFileReference; fileEncoding = 4; lastKnownFileType = sourcecode.c.objc; path = AAStyle.m; sourceTree = "<group>"; };
		1E66D1DB210AF4EC007EAB8C /* AABar.m */ = {isa = PBXFileReference; fileEncoding = 4; lastKnownFileType = sourcecode.c.objc; path = AABar.m; sourceTree = "<group>"; };
		1E66D1DC210AF4EC007EAB8C /* AATitle.m */ = {isa = PBXFileReference; fileEncoding = 4; lastKnownFileType = sourcecode.c.objc; path = AATitle.m; sourceTree = "<group>"; };
		1E66D1DD210AF4EC007EAB8C /* AALabels.h */ = {isa = PBXFileReference; fileEncoding = 4; lastKnownFileType = sourcecode.c.h; path = AALabels.h; sourceTree = "<group>"; };
		1E66D1DE210AF4EC007EAB8C /* AAAreaspline.h */ = {isa = PBXFileReference; fileEncoding = 4; lastKnownFileType = sourcecode.c.h; path = AAAreaspline.h; sourceTree = "<group>"; };
		1E66D1DF210AF4EC007EAB8C /* AAArea.m */ = {isa = PBXFileReference; fileEncoding = 4; lastKnownFileType = sourcecode.c.objc; path = AAArea.m; sourceTree = "<group>"; };
		1E66D1E0210AF4EC007EAB8C /* AAAnimation.m */ = {isa = PBXFileReference; fileEncoding = 4; lastKnownFileType = sourcecode.c.objc; path = AAAnimation.m; sourceTree = "<group>"; };
		1E66D1E1210AF4EC007EAB8C /* AALegend.m */ = {isa = PBXFileReference; fileEncoding = 4; lastKnownFileType = sourcecode.c.objc; path = AALegend.m; sourceTree = "<group>"; };
		1E66D1E2210AF4EC007EAB8C /* AATooltip.h */ = {isa = PBXFileReference; fileEncoding = 4; lastKnownFileType = sourcecode.c.h; path = AATooltip.h; sourceTree = "<group>"; };
		1E66D1E3210AF4EC007EAB8C /* AAMarker.m */ = {isa = PBXFileReference; fileEncoding = 4; lastKnownFileType = sourcecode.c.objc; path = AAMarker.m; sourceTree = "<group>"; };
		1E66D1E4210AF4EC007EAB8C /* AALine.h */ = {isa = PBXFileReference; fileEncoding = 4; lastKnownFileType = sourcecode.c.h; path = AALine.h; sourceTree = "<group>"; };
		1E66D1E5210AF4EC007EAB8C /* AADataLabels.h */ = {isa = PBXFileReference; fileEncoding = 4; lastKnownFileType = sourcecode.c.h; path = AADataLabels.h; sourceTree = "<group>"; };
		1E66D1E6210AF4EC007EAB8C /* AAPlotOptions.h */ = {isa = PBXFileReference; fileEncoding = 4; lastKnownFileType = sourcecode.c.h; path = AAPlotOptions.h; sourceTree = "<group>"; };
		1E66D1E7210AF4EC007EAB8C /* AASpline.m */ = {isa = PBXFileReference; fileEncoding = 4; lastKnownFileType = sourcecode.c.objc; path = AASpline.m; sourceTree = "<group>"; };
		1E66D1E9210AF4EC007EAB8C /* AAPie.m */ = {isa = PBXFileReference; fileEncoding = 4; lastKnownFileType = sourcecode.c.objc; path = AAPie.m; sourceTree = "<group>"; };
		1E66D1EA210AF4EC007EAB8C /* AACrosshair.h */ = {isa = PBXFileReference; fileEncoding = 4; lastKnownFileType = sourcecode.c.h; path = AACrosshair.h; sourceTree = "<group>"; };
		1E66D1EB210AF4EC007EAB8C /* AAYAxis.h */ = {isa = PBXFileReference; fileEncoding = 4; lastKnownFileType = sourcecode.c.h; path = AAYAxis.h; sourceTree = "<group>"; };
		1E66D1ED210AF4EC007EAB8C /* AAPlotLinesElement.h */ = {isa = PBXFileReference; fileEncoding = 4; lastKnownFileType = sourcecode.c.h; path = AAPlotLinesElement.h; sourceTree = "<group>"; };
		1E66D1EE210AF4EC007EAB8C /* AAColumn.h */ = {isa = PBXFileReference; fileEncoding = 4; lastKnownFileType = sourcecode.c.h; path = AAColumn.h; sourceTree = "<group>"; };
		1E66D1EF210AF4EC007EAB8C /* AAChart.m */ = {isa = PBXFileReference; fileEncoding = 4; lastKnownFileType = sourcecode.c.objc; path = AAChart.m; sourceTree = "<group>"; };
		1E66D1F1210AF4EC007EAB8C /* AAOptions.h */ = {isa = PBXFileReference; fileEncoding = 4; lastKnownFileType = sourcecode.c.h; path = AAOptions.h; sourceTree = "<group>"; };
		1E66D1F2210AF4EC007EAB8C /* AAChartView.m */ = {isa = PBXFileReference; fileEncoding = 4; lastKnownFileType = sourcecode.c.objc; path = AAChartView.m; sourceTree = "<group>"; };
		1E66D1F3210AF4EC007EAB8C /* AAGlobalMacro.h */ = {isa = PBXFileReference; fileEncoding = 4; lastKnownFileType = sourcecode.c.h; path = AAGlobalMacro.h; sourceTree = "<group>"; };
		1E66D1F4210AF4EC007EAB8C /* AASeriesElement.h */ = {isa = PBXFileReference; fileEncoding = 4; lastKnownFileType = sourcecode.c.h; path = AASeriesElement.h; sourceTree = "<group>"; };
		1E66D1F5210AF4EC007EAB8C /* AAChartModel.m */ = {isa = PBXFileReference; fileEncoding = 4; lastKnownFileType = sourcecode.c.objc; path = AAChartModel.m; sourceTree = "<group>"; };
		1E66D1F6210AF4EC007EAB8C /* AAChartKit.h */ = {isa = PBXFileReference; fileEncoding = 4; lastKnownFileType = sourcecode.c.h; path = AAChartKit.h; sourceTree = "<group>"; };
		1E66D1F7210AF4EC007EAB8C /* AAOptions.m */ = {isa = PBXFileReference; fileEncoding = 4; lastKnownFileType = sourcecode.c.objc; path = AAOptions.m; sourceTree = "<group>"; };
		1E66D1F8210AF4EC007EAB8C /* AASeriesElement.m */ = {isa = PBXFileReference; fileEncoding = 4; lastKnownFileType = sourcecode.c.objc; path = AASeriesElement.m; sourceTree = "<group>"; };
		1E66D1F9210AF4EC007EAB8C /* AAChartView.h */ = {isa = PBXFileReference; fileEncoding = 4; lastKnownFileType = sourcecode.c.h; path = AAChartView.h; sourceTree = "<group>"; };
		1E66D1FA210AF4EC007EAB8C /* AAChartModel.h */ = {isa = PBXFileReference; fileEncoding = 4; lastKnownFileType = sourcecode.c.h; path = AAChartModel.h; sourceTree = "<group>"; };
		272BBE7921A28D0C00DBE69D /* AAColor.h */ = {isa = PBXFileReference; lastKnownFileType = sourcecode.c.h; path = AAColor.h; sourceTree = "<group>"; };
		272BBE7A21A28D0C00DBE69D /* AAColor.m */ = {isa = PBXFileReference; lastKnownFileType = sourcecode.c.objc; path = AAColor.m; sourceTree = "<group>"; };
		272D80B11F91EC9E008A2D20 /* ShowManyChartViewVC.h */ = {isa = PBXFileReference; lastKnownFileType = sourcecode.c.h; path = ShowManyChartViewVC.h; sourceTree = "<group>"; };
		272D80B21F91EC9E008A2D20 /* ShowManyChartViewVC.m */ = {isa = PBXFileReference; lastKnownFileType = sourcecode.c.objc; path = ShowManyChartViewVC.m; sourceTree = "<group>"; };
		2750145024C03372005A5D73 /* AAShadow.h */ = {isa = PBXFileReference; fileEncoding = 4; lastKnownFileType = sourcecode.c.h; path = AAShadow.h; sourceTree = "<group>"; };
		2750145124C03372005A5D73 /* AAShadow.m */ = {isa = PBXFileReference; fileEncoding = 4; lastKnownFileType = sourcecode.c.objc; path = AAShadow.m; sourceTree = "<group>"; };
		27746B1D1F3B0224009354A7 /* DrawChartWithAAOptionsVC.h */ = {isa = PBXFileReference; fileEncoding = 4; lastKnownFileType = sourcecode.c.h; path = DrawChartWithAAOptionsVC.h; sourceTree = "<group>"; };
		278989B9204F8DBA003940CC /* ChartListVC.h */ = {isa = PBXFileReference; lastKnownFileType = sourcecode.c.h; path = ChartListVC.h; sourceTree = "<group>"; };
		278989BA204F8DBA003940CC /* ChartListVC.m */ = {isa = PBXFileReference; lastKnownFileType = sourcecode.c.objc; path = ChartListVC.m; sourceTree = "<group>"; };
		27D874F4219AB55E0092A461 /* CustomStyleChartVC.h */ = {isa = PBXFileReference; lastKnownFileType = sourcecode.c.h; path = CustomStyleChartVC.h; sourceTree = "<group>"; };
		27D874F5219AB55E0092A461 /* CustomStyleChartVC.m */ = {isa = PBXFileReference; lastKnownFileType = sourcecode.c.objc; path = CustomStyleChartVC.m; sourceTree = "<group>"; };
		27E38C631F0E47BA00FB52E1 /* ChartAnimationTypeVC.h */ = {isa = PBXFileReference; fileEncoding = 4; lastKnownFileType = sourcecode.c.h; path = ChartAnimationTypeVC.h; sourceTree = "<group>"; };
		27E38C641F0E47BA00FB52E1 /* ChartAnimationTypeVC.m */ = {isa = PBXFileReference; fileEncoding = 4; lastKnownFileType = sourcecode.c.objc; path = ChartAnimationTypeVC.m; sourceTree = "<group>"; };
		27E475F324B2111400690657 /* AABaseChartVC.h */ = {isa = PBXFileReference; lastKnownFileType = sourcecode.c.h; path = AABaseChartVC.h; sourceTree = "<group>"; };
		27E475F424B2111400690657 /* AABaseChartVC.m */ = {isa = PBXFileReference; lastKnownFileType = sourcecode.c.objc; path = AABaseChartVC.m; sourceTree = "<group>"; };
		27EB89D6248BB38B007E6A6B /* ChartAdvancedUpdatingFeatureVC.h */ = {isa = PBXFileReference; lastKnownFileType = sourcecode.c.h; path = ChartAdvancedUpdatingFeatureVC.h; sourceTree = "<group>"; };
		27EB89D7248BB38B007E6A6B /* ChartAdvancedUpdatingFeatureVC.m */ = {isa = PBXFileReference; lastKnownFileType = sourcecode.c.objc; path = ChartAdvancedUpdatingFeatureVC.m; sourceTree = "<group>"; };
		27EB8A8B24986DCE007E6A6B /* DataSortingWithAnimationChartVC.h */ = {isa = PBXFileReference; lastKnownFileType = sourcecode.c.h; path = DataSortingWithAnimationChartVC.h; sourceTree = "<group>"; };
		27EB8A8C24986DCE007E6A6B /* DataSortingWithAnimationChartVC.m */ = {isa = PBXFileReference; lastKnownFileType = sourcecode.c.objc; path = DataSortingWithAnimationChartVC.m; sourceTree = "<group>"; };
		27F0CA7721018998004BD904 /* AADateUTCTool.h */ = {isa = PBXFileReference; lastKnownFileType = sourcecode.c.h; path = AADateUTCTool.h; sourceTree = "<group>"; };
		27F0CA7821018998004BD904 /* AADateUTCTool.m */ = {isa = PBXFileReference; lastKnownFileType = sourcecode.c.objc; path = AADateUTCTool.m; sourceTree = "<group>"; };
		27F5AD9A20A740910086CD33 /* MixedChartVC.h */ = {isa = PBXFileReference; lastKnownFileType = sourcecode.c.h; path = MixedChartVC.h; sourceTree = "<group>"; };
		440B097E24C189950056CE08 /* AACredits.h */ = {isa = PBXFileReference; lastKnownFileType = sourcecode.c.h; path = AACredits.h; sourceTree = "<group>"; };
		440B097F24C189950056CE08 /* AACredits.m */ = {isa = PBXFileReference; lastKnownFileType = sourcecode.c.objc; path = AACredits.m; sourceTree = "<group>"; };
		440B098124C190F60056CE08 /* AALang.h */ = {isa = PBXFileReference; lastKnownFileType = sourcecode.c.h; path = AALang.h; sourceTree = "<group>"; };
		440B098224C190F60056CE08 /* AALang.m */ = {isa = PBXFileReference; lastKnownFileType = sourcecode.c.objc; path = AALang.m; sourceTree = "<group>"; };
		44143D3721A1950300D44657 /* AAGradientColor.h */ = {isa = PBXFileReference; lastKnownFileType = sourcecode.c.h; path = AAGradientColor.h; sourceTree = "<group>"; };
		44143D3821A1950300D44657 /* AAGradientColor.m */ = {isa = PBXFileReference; lastKnownFileType = sourcecode.c.objc; path = AAGradientColor.m; sourceTree = "<group>"; };
		441AF0BB233746DC00F0D39D /* EvaluateJSStringFunctionVC.h */ = {isa = PBXFileReference; lastKnownFileType = sourcecode.c.h; path = EvaluateJSStringFunctionVC.h; sourceTree = "<group>"; };
		441AF0BC233746DC00F0D39D /* EvaluateJSStringFunctionVC.m */ = {isa = PBXFileReference; lastKnownFileType = sourcecode.c.objc; path = EvaluateJSStringFunctionVC.m; sourceTree = "<group>"; };
		44209B0721B0D2DD004EC321 /* HideOrShowChartSeriesVC.h */ = {isa = PBXFileReference; lastKnownFileType = sourcecode.c.h; path = HideOrShowChartSeriesVC.h; sourceTree = "<group>"; };
		44209B0821B0D2DD004EC321 /* HideOrShowChartSeriesVC.m */ = {isa = PBXFileReference; lastKnownFileType = sourcecode.c.objc; path = HideOrShowChartSeriesVC.m; sourceTree = "<group>"; };
		44711744217E2C87009D9FB0 /* SpecialChartVC.m */ = {isa = PBXFileReference; fileEncoding = 4; lastKnownFileType = sourcecode.c.objc; path = SpecialChartVC.m; sourceTree = "<group>"; };
		44711745217E2C87009D9FB0 /* MixedChartVC.m */ = {isa = PBXFileReference; fileEncoding = 4; lastKnownFileType = sourcecode.c.objc; path = MixedChartVC.m; sourceTree = "<group>"; };
		44711746217E2C87009D9FB0 /* DrawChartWithAAOptionsVC.m */ = {isa = PBXFileReference; fileEncoding = 4; lastKnownFileType = sourcecode.c.objc; path = DrawChartWithAAOptionsVC.m; sourceTree = "<group>"; };
		447B4B3121C9E04E00FDA965 /* AAEasyTool.h */ = {isa = PBXFileReference; lastKnownFileType = sourcecode.c.h; path = AAEasyTool.h; sourceTree = "<group>"; };
		447B4B3221C9E04E00FDA965 /* AAEasyTool.m */ = {isa = PBXFileReference; lastKnownFileType = sourcecode.c.objc; path = AAEasyTool.m; sourceTree = "<group>"; };
		448330B924E272FA00368A30 /* NSString+toPureJSString.h */ = {isa = PBXFileReference; lastKnownFileType = sourcecode.c.h; path = "NSString+toPureJSString.h"; sourceTree = "<group>"; };
		448330BA24E272FA00368A30 /* NSString+toPureJSString.m */ = {isa = PBXFileReference; lastKnownFileType = sourcecode.c.objc; path = "NSString+toPureJSString.m"; sourceTree = "<group>"; };
		448330BF24E2791400368A30 /* NSArray+toJSArray.h */ = {isa = PBXFileReference; lastKnownFileType = sourcecode.c.h; path = "NSArray+toJSArray.h"; sourceTree = "<group>"; };
		448330C024E2791400368A30 /* NSArray+toJSArray.m */ = {isa = PBXFileReference; lastKnownFileType = sourcecode.c.objc; path = "NSArray+toJSArray.m"; sourceTree = "<group>"; };
		448330C624E28E2500368A30 /* AAStyleConvenience.h */ = {isa = PBXFileReference; lastKnownFileType = sourcecode.c.h; path = AAStyleConvenience.h; sourceTree = "<group>"; };
		4486C50B23DE02A900B54849 /* DoubleChartsLinkedWorkVC.h */ = {isa = PBXFileReference; lastKnownFileType = sourcecode.c.h; path = DoubleChartsLinkedWorkVC.h; sourceTree = "<group>"; };
		4486C50C23DE02A900B54849 /* DoubleChartsLinkedWorkVC.m */ = {isa = PBXFileReference; lastKnownFileType = sourcecode.c.objc; path = DoubleChartsLinkedWorkVC.m; sourceTree = "<group>"; };
		4486C50E23E9BAB300B54849 /* DrawableChartVC.h */ = {isa = PBXFileReference; lastKnownFileType = sourcecode.c.h; path = DrawableChartVC.h; sourceTree = "<group>"; };
		4486C50F23E9BAB300B54849 /* DrawableChartVC.m */ = {isa = PBXFileReference; lastKnownFileType = sourcecode.c.objc; path = DrawableChartVC.m; sourceTree = "<group>"; };
		4486D0A42466AFE5000D7FDA /* AAPane.h */ = {isa = PBXFileReference; lastKnownFileType = sourcecode.c.h; path = AAPane.h; sourceTree = "<group>"; };
		4486D0A52466AFE5000D7FDA /* AAPane.m */ = {isa = PBXFileReference; lastKnownFileType = sourcecode.c.objc; path = AAPane.m; sourceTree = "<group>"; };
		449A0ED223771436009F8FE1 /* ScrollingUpdateDataVC.h */ = {isa = PBXFileReference; lastKnownFileType = sourcecode.c.h; path = ScrollingUpdateDataVC.h; sourceTree = "<group>"; };
		449A0ED323771436009F8FE1 /* ScrollingUpdateDataVC.m */ = {isa = PBXFileReference; lastKnownFileType = sourcecode.c.objc; path = ScrollingUpdateDataVC.m; sourceTree = "<group>"; };
		449D447821CFDF5D00E43D9C /* AAPlotBandsElement.h */ = {isa = PBXFileReference; lastKnownFileType = sourcecode.c.h; path = AAPlotBandsElement.h; sourceTree = "<group>"; };
		449D447921CFDF5D00E43D9C /* AAPlotBandsElement.m */ = {isa = PBXFileReference; lastKnownFileType = sourcecode.c.objc; path = AAPlotBandsElement.m; sourceTree = "<group>"; };
		44AA41DE22CB0B3B00458C0E /* AAChartKitDemo.entitlements */ = {isa = PBXFileReference; lastKnownFileType = text.plist.entitlements; path = AAChartKitDemo.entitlements; sourceTree = "<group>"; };
		44C07B9822A4C6BB00FE7184 /* AlgorithmVC.h */ = {isa = PBXFileReference; lastKnownFileType = sourcecode.c.h; path = AlgorithmVC.h; sourceTree = "<group>"; };
		44C07B9922A4C6BB00FE7184 /* AlgorithmVC.m */ = {isa = PBXFileReference; lastKnownFileType = sourcecode.c.objc; path = AlgorithmVC.m; sourceTree = "<group>"; };
		44C8C48F226F4D4100AB9E50 /* JSFunctionForAATooltipVC.h */ = {isa = PBXFileReference; lastKnownFileType = sourcecode.c.h; path = JSFunctionForAATooltipVC.h; sourceTree = "<group>"; };
		44C8C490226F4D4100AB9E50 /* JSFunctionForAATooltipVC.m */ = {isa = PBXFileReference; lastKnownFileType = sourcecode.c.objc; path = JSFunctionForAATooltipVC.m; sourceTree = "<group>"; };
		44D36AC724CA70C300B15733 /* AAMarginConvenience.h */ = {isa = PBXFileReference; lastKnownFileType = sourcecode.c.h; path = AAMarginConvenience.h; sourceTree = "<group>"; };
		44E4137123C339150097D0ED /* AAStates.h */ = {isa = PBXFileReference; lastKnownFileType = sourcecode.c.h; path = AAStates.h; sourceTree = "<group>"; };
		44E4137223C339160097D0ED /* AAStates.m */ = {isa = PBXFileReference; lastKnownFileType = sourcecode.c.objc; path = AAStates.m; sourceTree = "<group>"; };
		44EF0FA324F759FD00F5639A /* AALineStyle.h */ = {isa = PBXFileReference; lastKnownFileType = sourcecode.c.h; path = AALineStyle.h; sourceTree = "<group>"; };
		44EF0FA424F759FD00F5639A /* AALineStyle.m */ = {isa = PBXFileReference; lastKnownFileType = sourcecode.c.objc; path = AALineStyle.m; sourceTree = "<group>"; };
		44F5F99F21D80BDB002A8D25 /* AALabel.h */ = {isa = PBXFileReference; lastKnownFileType = sourcecode.c.h; path = AALabel.h; sourceTree = "<group>"; };
		44F5F9A021D80BDB002A8D25 /* AALabel.m */ = {isa = PBXFileReference; lastKnownFileType = sourcecode.c.objc; path = AALabel.m; sourceTree = "<group>"; };
		58603EBF3B2F2C183F46663C /* AABoxplot.m */ = {isa = PBXFileReference; fileEncoding = 4; lastKnownFileType = sourcecode.c.objc; path = AABoxplot.m; sourceTree = "<group>"; };
		58603ED25E9A3CAC30317C26 /* CustomClickEventCallbackMessageVC.h */ = {isa = PBXFileReference; fileEncoding = 4; lastKnownFileType = sourcecode.c.h; path = CustomClickEventCallbackMessageVC.h; sourceTree = "<group>"; };
		58603F1D08A3368A46BC51CB /* AABoxplot.h */ = {isa = PBXFileReference; fileEncoding = 4; lastKnownFileType = sourcecode.c.h; path = AABoxplot.h; sourceTree = "<group>"; };
		58603F3C6D25CFF0EAF49286 /* CustomClickEventCallbackMessageVC.m */ = {isa = PBXFileReference; fileEncoding = 4; lastKnownFileType = sourcecode.c.objc; path = CustomClickEventCallbackMessageVC.m; sourceTree = "<group>"; };
		645E59531E8403710039A0A1 /* SpecialChartVC.h */ = {isa = PBXFileReference; fileEncoding = 4; lastKnownFileType = sourcecode.c.h; path = SpecialChartVC.h; sourceTree = "<group>"; };
		64AF875E1F0A981400A801C4 /* OnlyRefreshChartDataVC.h */ = {isa = PBXFileReference; fileEncoding = 4; lastKnownFileType = sourcecode.c.h; path = OnlyRefreshChartDataVC.h; sourceTree = "<group>"; };
		64AF875F1F0A981400A801C4 /* OnlyRefreshChartDataVC.m */ = {isa = PBXFileReference; fileEncoding = 4; lastKnownFileType = sourcecode.c.objc; path = OnlyRefreshChartDataVC.m; sourceTree = "<group>"; };
		713F54371E7B71C000D506C7 /* MainVC.h */ = {isa = PBXFileReference; fileEncoding = 4; lastKnownFileType = sourcecode.c.h; path = MainVC.h; sourceTree = "<group>"; };
		713F54381E7B71C000D506C7 /* MainVC.m */ = {isa = PBXFileReference; fileEncoding = 4; lastKnownFileType = sourcecode.c.objc; path = MainVC.m; sourceTree = "<group>"; };
		713F54391E7B71C000D506C7 /* BasicChartVC.h */ = {isa = PBXFileReference; fileEncoding = 4; lastKnownFileType = sourcecode.c.h; path = BasicChartVC.h; sourceTree = "<group>"; };
		713F543A1E7B71C000D506C7 /* BasicChartVC.m */ = {isa = PBXFileReference; fileEncoding = 4; lastKnownFileType = sourcecode.c.objc; path = BasicChartVC.m; sourceTree = "<group>"; };
		7172A3D31E763EA6000D5B99 /* AAChartKitDemo.app */ = {isa = PBXFileReference; explicitFileType = wrapper.application; includeInIndex = 0; path = AAChartKitDemo.app; sourceTree = BUILT_PRODUCTS_DIR; };
		7172A3D71E763EA6000D5B99 /* main.m */ = {isa = PBXFileReference; lastKnownFileType = sourcecode.c.objc; path = main.m; sourceTree = "<group>"; };
		7172A3D91E763EA6000D5B99 /* AppDelegate.h */ = {isa = PBXFileReference; lastKnownFileType = sourcecode.c.h; path = AppDelegate.h; sourceTree = "<group>"; };
		7172A3DA1E763EA6000D5B99 /* AppDelegate.m */ = {isa = PBXFileReference; lastKnownFileType = sourcecode.c.objc; path = AppDelegate.m; sourceTree = "<group>"; };
		7172A3E01E763EA6000D5B99 /* Base */ = {isa = PBXFileReference; lastKnownFileType = file.storyboard; name = Base; path = Base.lproj/Main.storyboard; sourceTree = "<group>"; };
		7172A3E21E763EA6000D5B99 /* Assets.xcassets */ = {isa = PBXFileReference; lastKnownFileType = folder.assetcatalog; path = Assets.xcassets; sourceTree = "<group>"; };
		7172A3E51E763EA6000D5B99 /* Base */ = {isa = PBXFileReference; lastKnownFileType = file.storyboard; name = Base; path = Base.lproj/LaunchScreen.storyboard; sourceTree = "<group>"; };
		7172A3E71E763EA6000D5B99 /* Info.plist */ = {isa = PBXFileReference; lastKnownFileType = text.plist.xml; path = Info.plist; sourceTree = "<group>"; };
		7172A3EC1E763EA6000D5B99 /* AAChartKitDemoTests.xctest */ = {isa = PBXFileReference; explicitFileType = wrapper.cfbundle; includeInIndex = 0; path = AAChartKitDemoTests.xctest; sourceTree = BUILT_PRODUCTS_DIR; };
		7172A3F01E763EA6000D5B99 /* AAChartKitTests.m */ = {isa = PBXFileReference; lastKnownFileType = sourcecode.c.objc; path = AAChartKitTests.m; sourceTree = "<group>"; };
		7172A3F21E763EA6000D5B99 /* Info.plist */ = {isa = PBXFileReference; lastKnownFileType = text.plist.xml; path = Info.plist; sourceTree = "<group>"; };
		7172A3F71E763EA6000D5B99 /* AAChartKitDemoUITests.xctest */ = {isa = PBXFileReference; explicitFileType = wrapper.cfbundle; includeInIndex = 0; path = AAChartKitDemoUITests.xctest; sourceTree = BUILT_PRODUCTS_DIR; };
		7172A3FB1E763EA6000D5B99 /* AAChartKitUITests.m */ = {isa = PBXFileReference; lastKnownFileType = sourcecode.c.objc; path = AAChartKitUITests.m; sourceTree = "<group>"; };
		7172A3FD1E763EA6000D5B99 /* Info.plist */ = {isa = PBXFileReference; lastKnownFileType = text.plist.xml; path = Info.plist; sourceTree = "<group>"; };
		7172A4581E763FDB000D5B99 /* PrefixHeader.pch */ = {isa = PBXFileReference; lastKnownFileType = sourcecode.c.h; path = PrefixHeader.pch; sourceTree = "<group>"; };
		8418479A28B8D0E300094106 /* JSFunctionForAAChartEventsVC.h */ = {isa = PBXFileReference; lastKnownFileType = sourcecode.c.h; path = JSFunctionForAAChartEventsVC.h; sourceTree = "<group>"; };
		8418479B28B8D0E300094106 /* JSFunctionForAAChartEventsVC.m */ = {isa = PBXFileReference; lastKnownFileType = sourcecode.c.objc; path = JSFunctionForAAChartEventsVC.m; sourceTree = "<group>"; };
		845589C728C3B27C009D1BC3 /* AAScatter.h */ = {isa = PBXFileReference; lastKnownFileType = sourcecode.c.h; path = AAScatter.h; sourceTree = "<group>"; };
		845589C828C3B27C009D1BC3 /* AAScatter.m */ = {isa = PBXFileReference; lastKnownFileType = sourcecode.c.objc; path = AAScatter.m; sourceTree = "<group>"; };
		8463FDD128CADF5800392C50 /* CustomTableViewCell.h */ = {isa = PBXFileReference; lastKnownFileType = sourcecode.c.h; path = CustomTableViewCell.h; sourceTree = "<group>"; };
		8463FDD228CADF5800392C50 /* CustomTableViewCell.m */ = {isa = PBXFileReference; lastKnownFileType = sourcecode.c.objc; path = CustomTableViewCell.m; sourceTree = "<group>"; };
		8463FDD328CADF5800392C50 /* CustomTableViewCell.xib */ = {isa = PBXFileReference; lastKnownFileType = file.xib; path = CustomTableViewCell.xib; sourceTree = "<group>"; };
		8463FDDC28CB1D5300392C50 /* JSFunctionForAAAxisVC.h */ = {isa = PBXFileReference; lastKnownFileType = sourcecode.c.h; path = JSFunctionForAAAxisVC.h; sourceTree = "<group>"; };
		8463FDDD28CB1D5300392C50 /* JSFunctionForAAAxisVC.m */ = {isa = PBXFileReference; lastKnownFileType = sourcecode.c.objc; path = JSFunctionForAAAxisVC.m; sourceTree = "<group>"; };
		8463FDDF28CB1F5F00392C50 /* JSFunctionForAALegendVC.h */ = {isa = PBXFileReference; lastKnownFileType = sourcecode.c.h; path = JSFunctionForAALegendVC.h; sourceTree = "<group>"; };
		8463FDE028CB1F5F00392C50 /* JSFunctionForAALegendVC.m */ = {isa = PBXFileReference; lastKnownFileType = sourcecode.c.objc; path = JSFunctionForAALegendVC.m; sourceTree = "<group>"; };
		846CB10B26A6B14100DE8D5A /* AAColumnrange.h */ = {isa = PBXFileReference; lastKnownFileType = sourcecode.c.h; path = AAColumnrange.h; sourceTree = "<group>"; };
		846CB10C26A6B14100DE8D5A /* AAColumnrange.m */ = {isa = PBXFileReference; lastKnownFileType = sourcecode.c.objc; path = AAColumnrange.m; sourceTree = "<group>"; };
		8483CEC029D2F40D002E57AA /* AADOMRectModel.h */ = {isa = PBXFileReference; lastKnownFileType = sourcecode.c.h; path = AADOMRectModel.h; sourceTree = "<group>"; };
		8483CEC129D2F40D002E57AA /* AADOMRectModel.m */ = {isa = PBXFileReference; lastKnownFileType = sourcecode.c.objc; path = AADOMRectModel.m; sourceTree = "<group>"; };
		848FEAF9265E170C006E4F25 /* TestAAChartViewForXibVC.h */ = {isa = PBXFileReference; lastKnownFileType = sourcecode.c.h; path = TestAAChartViewForXibVC.h; sourceTree = "<group>"; };
		848FEAFA265E170C006E4F25 /* TestAAChartViewForXibVC.m */ = {isa = PBXFileReference; lastKnownFileType = sourcecode.c.objc; path = TestAAChartViewForXibVC.m; sourceTree = "<group>"; };
		848FEAFB265E170C006E4F25 /* TestAAChartViewForXibVC.xib */ = {isa = PBXFileReference; lastKnownFileType = file.xib; path = TestAAChartViewForXibVC.xib; sourceTree = "<group>"; };
		84AE6B1A26A1775A001F0755 /* AADateTimeLabelFormats.h */ = {isa = PBXFileReference; lastKnownFileType = sourcecode.c.h; path = AADateTimeLabelFormats.h; sourceTree = "<group>"; };
		84AE6B1B26A1775A001F0755 /* AADateTimeLabelFormats.m */ = {isa = PBXFileReference; lastKnownFileType = sourcecode.c.objc; path = AADateTimeLabelFormats.m; sourceTree = "<group>"; };
		84AE6B1D26A19E1E001F0755 /* AAChartAxisType.h */ = {isa = PBXFileReference; lastKnownFileType = sourcecode.c.h; path = AAChartAxisType.h; sourceTree = "<group>"; };
		84AE6B2026A58D73001F0755 /* AAChartSymbolConstant.h */ = {isa = PBXFileReference; lastKnownFileType = sourcecode.c.h; path = AAChartSymbolConstant.h; sourceTree = "<group>"; };
		84B548B426F1CD4E00D4CAFC /* PieChartOptionsVC.h */ = {isa = PBXFileReference; lastKnownFileType = sourcecode.c.h; path = PieChartOptionsVC.h; sourceTree = "<group>"; };
		84B548B526F1CD4E00D4CAFC /* PieChartOptionsVC.m */ = {isa = PBXFileReference; lastKnownFileType = sourcecode.c.objc; path = PieChartOptionsVC.m; sourceTree = "<group>"; };
		84B548B726F1F08300D4CAFC /* PolarChartOptionsVC.h */ = {isa = PBXFileReference; lastKnownFileType = sourcecode.c.h; path = PolarChartOptionsVC.h; sourceTree = "<group>"; };
		84B548B826F1F08300D4CAFC /* PolarChartOptionsVC.m */ = {isa = PBXFileReference; lastKnownFileType = sourcecode.c.objc; path = PolarChartOptionsVC.m; sourceTree = "<group>"; };
		84B548BA26F1F62300D4CAFC /* MultiYAxesChartOptionsVC.h */ = {isa = PBXFileReference; lastKnownFileType = sourcecode.c.h; path = MultiYAxesChartOptionsVC.h; sourceTree = "<group>"; };
		84B548BB26F1F62300D4CAFC /* MultiYAxesChartOptionsVC.m */ = {isa = PBXFileReference; lastKnownFileType = sourcecode.c.objc; path = MultiYAxesChartOptionsVC.m; sourceTree = "<group>"; };
		84B548BD26F1FEC800D4CAFC /* PlotLinesBandsZonesOptionsVC.h */ = {isa = PBXFileReference; lastKnownFileType = sourcecode.c.h; path = PlotLinesBandsZonesOptionsVC.h; sourceTree = "<group>"; };
		84B548BE26F1FEC800D4CAFC /* PlotLinesBandsZonesOptionsVC.m */ = {isa = PBXFileReference; lastKnownFileType = sourcecode.c.objc; path = PlotLinesBandsZonesOptionsVC.m; sourceTree = "<group>"; };
		84B548C026F2E19900D4CAFC /* AreasplineChartOptionsVC.h */ = {isa = PBXFileReference; lastKnownFileType = sourcecode.c.h; path = AreasplineChartOptionsVC.h; sourceTree = "<group>"; };
		84B548C126F2E19900D4CAFC /* AreasplineChartOptionsVC.m */ = {isa = PBXFileReference; lastKnownFileType = sourcecode.c.objc; path = AreasplineChartOptionsVC.m; sourceTree = "<group>"; };
		84B548C326F2E74800D4CAFC /* TooltipOptionsVC.h */ = {isa = PBXFileReference; lastKnownFileType = sourcecode.c.h; path = TooltipOptionsVC.h; sourceTree = "<group>"; };
		84B548C426F2E74800D4CAFC /* TooltipOptionsVC.m */ = {isa = PBXFileReference; lastKnownFileType = sourcecode.c.objc; path = TooltipOptionsVC.m; sourceTree = "<group>"; };
		84B548C626F2EE2C00D4CAFC /* DataLabelsOptionsVC.h */ = {isa = PBXFileReference; lastKnownFileType = sourcecode.c.h; path = DataLabelsOptionsVC.h; sourceTree = "<group>"; };
		84B548C726F2EE2C00D4CAFC /* DataLabelsOptionsVC.m */ = {isa = PBXFileReference; lastKnownFileType = sourcecode.c.objc; path = DataLabelsOptionsVC.m; sourceTree = "<group>"; };
		84B548C926F31B5600D4CAFC /* XAxisYAxisLabelsOptionsVC.h */ = {isa = PBXFileReference; lastKnownFileType = sourcecode.c.h; path = XAxisYAxisLabelsOptionsVC.h; sourceTree = "<group>"; };
		84B548CA26F31B5600D4CAFC /* XAxisYAxisLabelsOptionsVC.m */ = {isa = PBXFileReference; lastKnownFileType = sourcecode.c.objc; path = XAxisYAxisLabelsOptionsVC.m; sourceTree = "<group>"; };
		84B548CC26F31D9B00D4CAFC /* XAxisYAxisTypeOptionsVC.h */ = {isa = PBXFileReference; lastKnownFileType = sourcecode.c.h; path = XAxisYAxisTypeOptionsVC.h; sourceTree = "<group>"; };
		84B548CD26F31D9B00D4CAFC /* XAxisYAxisTypeOptionsVC.m */ = {isa = PBXFileReference; lastKnownFileType = sourcecode.c.objc; path = XAxisYAxisTypeOptionsVC.m; sourceTree = "<group>"; };
		84D56E14283928F6000064AA /* AAOptionsConfigurationGenerator.h */ = {isa = PBXFileReference; lastKnownFileType = sourcecode.c.h; path = AAOptionsConfigurationGenerator.h; sourceTree = "<group>"; };
		84D56E15283928F6000064AA /* AAOptionsConfigurationGenerator.m */ = {isa = PBXFileReference; lastKnownFileType = sourcecode.c.objc; path = AAOptionsConfigurationGenerator.m; sourceTree = "<group>"; };
		84E0D36428F2D690004031BE /* JSFunctionForAAOptionsVC.h */ = {isa = PBXFileReference; lastKnownFileType = sourcecode.c.h; path = JSFunctionForAAOptionsVC.h; sourceTree = "<group>"; };
		84E0D36528F2D690004031BE /* JSFunctionForAAOptionsVC.m */ = {isa = PBXFileReference; lastKnownFileType = sourcecode.c.objc; path = JSFunctionForAAOptionsVC.m; sourceTree = "<group>"; };
		84E0D36A28F2D9D3004031BE /* SpecialStyleChartOptionsVC.h */ = {isa = PBXFileReference; lastKnownFileType = sourcecode.c.h; path = SpecialStyleChartOptionsVC.h; sourceTree = "<group>"; };
		84E0D36B28F2D9D3004031BE /* SpecialStyleChartOptionsVC.m */ = {isa = PBXFileReference; lastKnownFileType = sourcecode.c.objc; path = SpecialStyleChartOptionsVC.m; sourceTree = "<group>"; };
		84E0D36D28F2DBBD004031BE /* JSFunctionForAATooltipVC2.h */ = {isa = PBXFileReference; lastKnownFileType = sourcecode.c.h; path = JSFunctionForAATooltipVC2.h; sourceTree = "<group>"; };
		84E0D36E28F2DBBD004031BE /* JSFunctionForAATooltipVC2.m */ = {isa = PBXFileReference; lastKnownFileType = sourcecode.c.objc; path = JSFunctionForAATooltipVC2.m; sourceTree = "<group>"; };
		92445D851FDE1F2A00B3E576 /* MonitorViewController.h */ = {isa = PBXFileReference; lastKnownFileType = sourcecode.c.h; path = MonitorViewController.h; sourceTree = "<group>"; };
		92445D861FDE1F2A00B3E576 /* MonitorViewController.m */ = {isa = PBXFileReference; lastKnownFileType = sourcecode.c.objc; path = MonitorViewController.m; sourceTree = "<group>"; };
/* End PBXFileReference section */

/* Begin PBXFrameworksBuildPhase section */
		7172A3D01E763EA6000D5B99 /* Frameworks */ = {
			isa = PBXFrameworksBuildPhase;
			buildActionMask = 2147483647;
			files = (
			);
			runOnlyForDeploymentPostprocessing = 0;
		};
		7172A3E91E763EA6000D5B99 /* Frameworks */ = {
			isa = PBXFrameworksBuildPhase;
			buildActionMask = 2147483647;
			files = (
			);
			runOnlyForDeploymentPostprocessing = 0;
		};
		7172A3F41E763EA6000D5B99 /* Frameworks */ = {
			isa = PBXFrameworksBuildPhase;
			buildActionMask = 2147483647;
			files = (
			);
			runOnlyForDeploymentPostprocessing = 0;
		};
/* End PBXFrameworksBuildPhase section */

/* Begin PBXGroup section */
		1E66D1BB210AF4EC007EAB8C /* AAChartKitLib */ = {
			isa = PBXGroup;
			children = (
				1E66D1F0210AF4EC007EAB8C /* AAChartCreator */,
				1E66D1BD210AF4EC007EAB8C /* AAOptionsModel */,
				441AF0B8233463A200F0D39D /* AATool */,
				1E66D1BC210AF4EC007EAB8C /* AAJSFiles.bundle */,
			);
			path = AAChartKitLib;
			sourceTree = "<group>";
		};
		1E66D1BD210AF4EC007EAB8C /* AAOptionsModel */ = {
			isa = PBXGroup;
			children = (
				1E66D1D4210AF4EC007EAB8C /* AAChart.h */,
				1E66D1EF210AF4EC007EAB8C /* AAChart.m */,
				440B097E24C189950056CE08 /* AACredits.h */,
				440B097F24C189950056CE08 /* AACredits.m */,
				1E66D1E2210AF4EC007EAB8C /* AATooltip.h */,
				1E66D1CC210AF4EC007EAB8C /* AATooltip.m */,
				1E66D1C0210AF4EC007EAB8C /* AATitle.h */,
				1E66D1DC210AF4EC007EAB8C /* AATitle.m */,
				1E66D1EE210AF4EC007EAB8C /* AAColumn.h */,
				1E66D1D5210AF4EC007EAB8C /* AAColumn.m */,
				1E66D1C3210AF4EC007EAB8C /* AABar.h */,
				1E66D1DB210AF4EC007EAB8C /* AABar.m */,
				1E66D1BE210AF4EC007EAB8C /* AAArea.h */,
				1E66D1DF210AF4EC007EAB8C /* AAArea.m */,
				1E66D1DE210AF4EC007EAB8C /* AAAreaspline.h */,
				1E66D1BF210AF4EC007EAB8C /* AAAreaspline.m */,
				1E66D1E4210AF4EC007EAB8C /* AALine.h */,
				1E66D1C9210AF4EC007EAB8C /* AALine.m */,
				1E66D1D3210AF4EC007EAB8C /* AASpline.h */,
				1E66D1E7210AF4EC007EAB8C /* AASpline.m */,
				1E66D1D1210AF4EC007EAB8C /* AAPie.h */,
				1E66D1E9210AF4EC007EAB8C /* AAPie.m */,
				846CB10B26A6B14100DE8D5A /* AAColumnrange.h */,
				846CB10C26A6B14100DE8D5A /* AAColumnrange.m */,
				845589C728C3B27C009D1BC3 /* AAScatter.h */,
				845589C828C3B27C009D1BC3 /* AAScatter.m */,
				1E66D1E6210AF4EC007EAB8C /* AAPlotOptions.h */,
				1E66D1C7210AF4EC007EAB8C /* AAPlotOptions.m */,
				44E4137123C339150097D0ED /* AAStates.h */,
				44E4137223C339160097D0ED /* AAStates.m */,
				1E66D1D9210AF4EC007EAB8C /* AASeries.h */,
				1E66D1C4210AF4EC007EAB8C /* AASeries.m */,
				2750145024C03372005A5D73 /* AAShadow.h */,
				2750145124C03372005A5D73 /* AAShadow.m */,
				1E66D1CA210AF4EC007EAB8C /* AAMarker.h */,
				1E66D1E3210AF4EC007EAB8C /* AAMarker.m */,
				1E66D1CD210AF4EC007EAB8C /* AAAnimation.h */,
				1E66D1E0210AF4EC007EAB8C /* AAAnimation.m */,
				1E66D1CB210AF4EC007EAB8C /* AALegend.h */,
				1E66D1E1210AF4EC007EAB8C /* AALegend.m */,
				4486D0A42466AFE5000D7FDA /* AAPane.h */,
				4486D0A52466AFE5000D7FDA /* AAPane.m */,
				1E66D1D7210AF4EC007EAB8C /* AAXAxis.h */,
				1E66D1C5210AF4EC007EAB8C /* AAXAxis.m */,
				1E66D1EB210AF4EC007EAB8C /* AAYAxis.h */,
				1E66D1CF210AF4EC007EAB8C /* AAYAxis.m */,
				1E66D1EA210AF4EC007EAB8C /* AACrosshair.h */,
				1E66D1D0210AF4EC007EAB8C /* AACrosshair.m */,
				449D447821CFDF5D00E43D9C /* AAPlotBandsElement.h */,
				449D447921CFDF5D00E43D9C /* AAPlotBandsElement.m */,
				1E66D1ED210AF4EC007EAB8C /* AAPlotLinesElement.h */,
				1E66D1D6210AF4EC007EAB8C /* AAPlotLinesElement.m */,
				1E66D1C2210AF4EC007EAB8C /* AAStyle.h */,
				1E66D1DA210AF4EC007EAB8C /* AAStyle.m */,
				44EF0FA324F759FD00F5639A /* AALineStyle.h */,
				44EF0FA424F759FD00F5639A /* AALineStyle.m */,
				1E66D1DD210AF4EC007EAB8C /* AALabels.h */,
				1E66D1C1210AF4EC007EAB8C /* AALabels.m */,
				44F5F99F21D80BDB002A8D25 /* AALabel.h */,
				44F5F9A021D80BDB002A8D25 /* AALabel.m */,
				1E66D1E5210AF4EC007EAB8C /* AADataLabels.h */,
				1E66D1C8210AF4EC007EAB8C /* AADataLabels.m */,
				440B098124C190F60056CE08 /* AALang.h */,
				440B098224C190F60056CE08 /* AALang.m */,
				84AE6B1A26A1775A001F0755 /* AADateTimeLabelFormats.h */,
				84AE6B1B26A1775A001F0755 /* AADateTimeLabelFormats.m */,
				84AE6B1D26A19E1E001F0755 /* AAChartAxisType.h */,
				58603F1D08A3368A46BC51CB /* AABoxplot.h */,
				58603EBF3B2F2C183F46663C /* AABoxplot.m */,
			);
			path = AAOptionsModel;
			sourceTree = "<group>";
		};
		1E66D1F0210AF4EC007EAB8C /* AAChartCreator */ = {
			isa = PBXGroup;
			children = (
				1E66D1F6210AF4EC007EAB8C /* AAChartKit.h */,
				1E66D1F3210AF4EC007EAB8C /* AAGlobalMacro.h */,
				1E66D1F9210AF4EC007EAB8C /* AAChartView.h */,
				1E66D1F2210AF4EC007EAB8C /* AAChartView.m */,
				1E66D1FA210AF4EC007EAB8C /* AAChartModel.h */,
				1E66D1F5210AF4EC007EAB8C /* AAChartModel.m */,
				1E66D1F4210AF4EC007EAB8C /* AASeriesElement.h */,
				1E66D1F8210AF4EC007EAB8C /* AASeriesElement.m */,
				1E66D1F1210AF4EC007EAB8C /* AAOptions.h */,
				1E66D1F7210AF4EC007EAB8C /* AAOptions.m */,
			);
			path = AAChartCreator;
			sourceTree = "<group>";
		};
		27E475F624B2F74800690657 /* AdditionalContent2 */ = {
			isa = PBXGroup;
			children = (
				272D80B11F91EC9E008A2D20 /* ShowManyChartViewVC.h */,
				272D80B21F91EC9E008A2D20 /* ShowManyChartViewVC.m */,
				27E38C631F0E47BA00FB52E1 /* ChartAnimationTypeVC.h */,
				27E38C641F0E47BA00FB52E1 /* ChartAnimationTypeVC.m */,
				278989B9204F8DBA003940CC /* ChartListVC.h */,
				278989BA204F8DBA003940CC /* ChartListVC.m */,
				44209B0721B0D2DD004EC321 /* HideOrShowChartSeriesVC.h */,
				44209B0821B0D2DD004EC321 /* HideOrShowChartSeriesVC.m */,
				441AF0BB233746DC00F0D39D /* EvaluateJSStringFunctionVC.h */,
				441AF0BC233746DC00F0D39D /* EvaluateJSStringFunctionVC.m */,
				27E475F324B2111400690657 /* AABaseChartVC.h */,
				27E475F424B2111400690657 /* AABaseChartVC.m */,
				27EB89D6248BB38B007E6A6B /* ChartAdvancedUpdatingFeatureVC.h */,
				27EB89D7248BB38B007E6A6B /* ChartAdvancedUpdatingFeatureVC.m */,
				92445D851FDE1F2A00B3E576 /* MonitorViewController.h */,
				92445D861FDE1F2A00B3E576 /* MonitorViewController.m */,
				44C07B9822A4C6BB00FE7184 /* AlgorithmVC.h */,
				44C07B9922A4C6BB00FE7184 /* AlgorithmVC.m */,
				848FEAF9265E170C006E4F25 /* TestAAChartViewForXibVC.h */,
				848FEAFA265E170C006E4F25 /* TestAAChartViewForXibVC.m */,
				848FEAFB265E170C006E4F25 /* TestAAChartViewForXibVC.xib */,
				84D56E14283928F6000064AA /* AAOptionsConfigurationGenerator.h */,
				84D56E15283928F6000064AA /* AAOptionsConfigurationGenerator.m */,
				8463FDD128CADF5800392C50 /* CustomTableViewCell.h */,
				8463FDD228CADF5800392C50 /* CustomTableViewCell.m */,
				8463FDD328CADF5800392C50 /* CustomTableViewCell.xib */,
			);
			name = AdditionalContent2;
			sourceTree = "<group>";
		};
		27F0CA7A21018C86004BD904 /* AATools */ = {
			isa = PBXGroup;
			children = (
				27F0CA7721018998004BD904 /* AADateUTCTool.h */,
				27F0CA7821018998004BD904 /* AADateUTCTool.m */,
				447B4B3121C9E04E00FDA965 /* AAEasyTool.h */,
				447B4B3221C9E04E00FDA965 /* AAEasyTool.m */,
			);
			name = AATools;
			sourceTree = "<group>";
		};
		27F0CA7B21018CC7004BD904 /* MainContent */ = {
			isa = PBXGroup;
			children = (
				713F54371E7B71C000D506C7 /* MainVC.h */,
				713F54381E7B71C000D506C7 /* MainVC.m */,
				84B548D026F3309C00D4CAFC /* AAChartModel */,
				84B548CF26F32FC800D4CAFC /* AAOptions */,
				84B548D126F3310600D4CAFC /* AAOptionsWithJS */,
			);
			name = MainContent;
			sourceTree = "<group>";
		};
		27F5AD9D20A8159E0086CD33 /* AdditionalContent1 */ = {
			isa = PBXGroup;
			children = (
				64AF875E1F0A981400A801C4 /* OnlyRefreshChartDataVC.h */,
				64AF875F1F0A981400A801C4 /* OnlyRefreshChartDataVC.m */,
				449A0ED223771436009F8FE1 /* ScrollingUpdateDataVC.h */,
				449A0ED323771436009F8FE1 /* ScrollingUpdateDataVC.m */,
				4486C50E23E9BAB300B54849 /* DrawableChartVC.h */,
				4486C50F23E9BAB300B54849 /* DrawableChartVC.m */,
				4486C50B23DE02A900B54849 /* DoubleChartsLinkedWorkVC.h */,
				4486C50C23DE02A900B54849 /* DoubleChartsLinkedWorkVC.m */,
				27EB8A8B24986DCE007E6A6B /* DataSortingWithAnimationChartVC.h */,
				27EB8A8C24986DCE007E6A6B /* DataSortingWithAnimationChartVC.m */,
				84AE6B2026A58D73001F0755 /* AAChartSymbolConstant.h */,
				58603ED25E9A3CAC30317C26 /* CustomClickEventCallbackMessageVC.h */,
				58603F3C6D25CFF0EAF49286 /* CustomClickEventCallbackMessageVC.m */,
				8483CEC029D2F40D002E57AA /* AADOMRectModel.h */,
				8483CEC129D2F40D002E57AA /* AADOMRectModel.m */,
			);
			name = AdditionalContent1;
			sourceTree = "<group>";
		};
		441AF0B8233463A200F0D39D /* AATool */ = {
			isa = PBXGroup;
			children = (
				448330C724E2927A00368A30 /* Convenience */,
				448330C424E27CB000368A30 /* Color */,
				448330C524E27CC000368A30 /* Category */,
			);
			path = AATool;
			sourceTree = "<group>";
		};
		448330C424E27CB000368A30 /* Color */ = {
			isa = PBXGroup;
			children = (
				272BBE7921A28D0C00DBE69D /* AAColor.h */,
				272BBE7A21A28D0C00DBE69D /* AAColor.m */,
				44143D3721A1950300D44657 /* AAGradientColor.h */,
				44143D3821A1950300D44657 /* AAGradientColor.m */,
			);
			path = Color;
			sourceTree = "<group>";
		};
		448330C524E27CC000368A30 /* Category */ = {
			isa = PBXGroup;
			children = (
				448330B924E272FA00368A30 /* NSString+toPureJSString.h */,
				448330BA24E272FA00368A30 /* NSString+toPureJSString.m */,
				448330BF24E2791400368A30 /* NSArray+toJSArray.h */,
				448330C024E2791400368A30 /* NSArray+toJSArray.m */,
			);
			path = Category;
			sourceTree = "<group>";
		};
		448330C724E2927A00368A30 /* Convenience */ = {
			isa = PBXGroup;
			children = (
				44D36AC724CA70C300B15733 /* AAMarginConvenience.h */,
				448330C624E28E2500368A30 /* AAStyleConvenience.h */,
			);
			path = Convenience;
			sourceTree = "<group>";
		};
		713F54341E7B71C000D506C7 /* ChartsDemo */ = {
			isa = PBXGroup;
			children = (
				27F0CA7B21018CC7004BD904 /* MainContent */,
				27F5AD9D20A8159E0086CD33 /* AdditionalContent1 */,
				27E475F624B2F74800690657 /* AdditionalContent2 */,
				27F0CA7A21018C86004BD904 /* AATools */,
			);
			path = ChartsDemo;
			sourceTree = "<group>";
		};
		7172A3CA1E763EA6000D5B99 = {
			isa = PBXGroup;
			children = (
				1E66D1BB210AF4EC007EAB8C /* AAChartKitLib */,
				7172A3D51E763EA6000D5B99 /* AAChartKitDemo */,
				7172A3EF1E763EA6000D5B99 /* AAChartKitDemoTests */,
				7172A3FA1E763EA6000D5B99 /* AAChartKitDemoUITests */,
				7172A3D41E763EA6000D5B99 /* Products */,
			);
			sourceTree = "<group>";
		};
		7172A3D41E763EA6000D5B99 /* Products */ = {
			isa = PBXGroup;
			children = (
				7172A3D31E763EA6000D5B99 /* AAChartKitDemo.app */,
				7172A3EC1E763EA6000D5B99 /* AAChartKitDemoTests.xctest */,
				7172A3F71E763EA6000D5B99 /* AAChartKitDemoUITests.xctest */,
			);
			name = Products;
			sourceTree = "<group>";
		};
		7172A3D51E763EA6000D5B99 /* AAChartKitDemo */ = {
			isa = PBXGroup;
			children = (
				44AA41DE22CB0B3B00458C0E /* AAChartKitDemo.entitlements */,
				713F54341E7B71C000D506C7 /* ChartsDemo */,
				7172A4581E763FDB000D5B99 /* PrefixHeader.pch */,
				7172A3D91E763EA6000D5B99 /* AppDelegate.h */,
				7172A3DA1E763EA6000D5B99 /* AppDelegate.m */,
				7172A3DF1E763EA6000D5B99 /* Main.storyboard */,
				7172A3E41E763EA6000D5B99 /* LaunchScreen.storyboard */,
				7172A3E21E763EA6000D5B99 /* Assets.xcassets */,
				7172A3E71E763EA6000D5B99 /* Info.plist */,
				7172A3D61E763EA6000D5B99 /* Supporting Files */,
			);
			path = AAChartKitDemo;
			sourceTree = "<group>";
		};
		7172A3D61E763EA6000D5B99 /* Supporting Files */ = {
			isa = PBXGroup;
			children = (
				7172A3D71E763EA6000D5B99 /* main.m */,
			);
			name = "Supporting Files";
			sourceTree = "<group>";
		};
		7172A3EF1E763EA6000D5B99 /* AAChartKitDemoTests */ = {
			isa = PBXGroup;
			children = (
				7172A3F01E763EA6000D5B99 /* AAChartKitTests.m */,
				7172A3F21E763EA6000D5B99 /* Info.plist */,
			);
			path = AAChartKitDemoTests;
			sourceTree = "<group>";
		};
		7172A3FA1E763EA6000D5B99 /* AAChartKitDemoUITests */ = {
			isa = PBXGroup;
			children = (
				7172A3FB1E763EA6000D5B99 /* AAChartKitUITests.m */,
				7172A3FD1E763EA6000D5B99 /* Info.plist */,
			);
			path = AAChartKitDemoUITests;
			sourceTree = "<group>";
		};
		84B548CF26F32FC800D4CAFC /* AAOptions */ = {
			isa = PBXGroup;
			children = (
				27746B1D1F3B0224009354A7 /* DrawChartWithAAOptionsVC.h */,
				44711746217E2C87009D9FB0 /* DrawChartWithAAOptionsVC.m */,
				84B548B426F1CD4E00D4CAFC /* PieChartOptionsVC.h */,
				84B548B526F1CD4E00D4CAFC /* PieChartOptionsVC.m */,
				84B548B726F1F08300D4CAFC /* PolarChartOptionsVC.h */,
				84B548B826F1F08300D4CAFC /* PolarChartOptionsVC.m */,
				84B548BA26F1F62300D4CAFC /* MultiYAxesChartOptionsVC.h */,
				84B548BB26F1F62300D4CAFC /* MultiYAxesChartOptionsVC.m */,
				84B548BD26F1FEC800D4CAFC /* PlotLinesBandsZonesOptionsVC.h */,
				84B548BE26F1FEC800D4CAFC /* PlotLinesBandsZonesOptionsVC.m */,
				84B548C026F2E19900D4CAFC /* AreasplineChartOptionsVC.h */,
				84B548C126F2E19900D4CAFC /* AreasplineChartOptionsVC.m */,
				84B548C326F2E74800D4CAFC /* TooltipOptionsVC.h */,
				84B548C426F2E74800D4CAFC /* TooltipOptionsVC.m */,
				84B548C626F2EE2C00D4CAFC /* DataLabelsOptionsVC.h */,
				84B548C726F2EE2C00D4CAFC /* DataLabelsOptionsVC.m */,
				84B548C926F31B5600D4CAFC /* XAxisYAxisLabelsOptionsVC.h */,
				84B548CA26F31B5600D4CAFC /* XAxisYAxisLabelsOptionsVC.m */,
				84B548CC26F31D9B00D4CAFC /* XAxisYAxisTypeOptionsVC.h */,
				84B548CD26F31D9B00D4CAFC /* XAxisYAxisTypeOptionsVC.m */,
				84E0D36A28F2D9D3004031BE /* SpecialStyleChartOptionsVC.h */,
				84E0D36B28F2D9D3004031BE /* SpecialStyleChartOptionsVC.m */,
			);
			name = AAOptions;
			sourceTree = "<group>";
		};
		84B548D026F3309C00D4CAFC /* AAChartModel */ = {
			isa = PBXGroup;
			children = (
				713F54391E7B71C000D506C7 /* BasicChartVC.h */,
				713F543A1E7B71C000D506C7 /* BasicChartVC.m */,
				645E59531E8403710039A0A1 /* SpecialChartVC.h */,
				44711744217E2C87009D9FB0 /* SpecialChartVC.m */,
				27D874F4219AB55E0092A461 /* CustomStyleChartVC.h */,
				27D874F5219AB55E0092A461 /* CustomStyleChartVC.m */,
				27F5AD9A20A740910086CD33 /* MixedChartVC.h */,
				44711745217E2C87009D9FB0 /* MixedChartVC.m */,
			);
			name = AAChartModel;
			sourceTree = "<group>";
		};
		84B548D126F3310600D4CAFC /* AAOptionsWithJS */ = {
			isa = PBXGroup;
			children = (
				44C8C48F226F4D4100AB9E50 /* JSFunctionForAATooltipVC.h */,
				44C8C490226F4D4100AB9E50 /* JSFunctionForAATooltipVC.m */,
				84E0D36D28F2DBBD004031BE /* JSFunctionForAATooltipVC2.h */,
				84E0D36E28F2DBBD004031BE /* JSFunctionForAATooltipVC2.m */,
				8418479A28B8D0E300094106 /* JSFunctionForAAChartEventsVC.h */,
				8418479B28B8D0E300094106 /* JSFunctionForAAChartEventsVC.m */,
				8463FDDC28CB1D5300392C50 /* JSFunctionForAAAxisVC.h */,
				8463FDDD28CB1D5300392C50 /* JSFunctionForAAAxisVC.m */,
				8463FDDF28CB1F5F00392C50 /* JSFunctionForAALegendVC.h */,
				8463FDE028CB1F5F00392C50 /* JSFunctionForAALegendVC.m */,
				84E0D36428F2D690004031BE /* JSFunctionForAAOptionsVC.h */,
				84E0D36528F2D690004031BE /* JSFunctionForAAOptionsVC.m */,
			);
			name = AAOptionsWithJS;
			sourceTree = "<group>";
		};
/* End PBXGroup section */

/* Begin PBXNativeTarget section */
		7172A3D21E763EA6000D5B99 /* AAChartKitDemo */ = {
			isa = PBXNativeTarget;
			buildConfigurationList = 7172A4001E763EA6000D5B99 /* Build configuration list for PBXNativeTarget "AAChartKitDemo" */;
			buildPhases = (
				7172A3CF1E763EA6000D5B99 /* Sources */,
				7172A3D01E763EA6000D5B99 /* Frameworks */,
				7172A3D11E763EA6000D5B99 /* Resources */,
			);
			buildRules = (
			);
			dependencies = (
			);
			name = AAChartKitDemo;
			productName = AAChartKit;
			productReference = 7172A3D31E763EA6000D5B99 /* AAChartKitDemo.app */;
			productType = "com.apple.product-type.application";
		};
		7172A3EB1E763EA6000D5B99 /* AAChartKitDemoTests */ = {
			isa = PBXNativeTarget;
			buildConfigurationList = 7172A4031E763EA6000D5B99 /* Build configuration list for PBXNativeTarget "AAChartKitDemoTests" */;
			buildPhases = (
				7172A3E81E763EA6000D5B99 /* Sources */,
				7172A3E91E763EA6000D5B99 /* Frameworks */,
				7172A3EA1E763EA6000D5B99 /* Resources */,
			);
			buildRules = (
			);
			dependencies = (
				7172A3EE1E763EA6000D5B99 /* PBXTargetDependency */,
			);
			name = AAChartKitDemoTests;
			productName = AAChartKitTests;
			productReference = 7172A3EC1E763EA6000D5B99 /* AAChartKitDemoTests.xctest */;
			productType = "com.apple.product-type.bundle.unit-test";
		};
		7172A3F61E763EA6000D5B99 /* AAChartKitDemoUITests */ = {
			isa = PBXNativeTarget;
			buildConfigurationList = 7172A4061E763EA6000D5B99 /* Build configuration list for PBXNativeTarget "AAChartKitDemoUITests" */;
			buildPhases = (
				7172A3F31E763EA6000D5B99 /* Sources */,
				7172A3F41E763EA6000D5B99 /* Frameworks */,
				7172A3F51E763EA6000D5B99 /* Resources */,
			);
			buildRules = (
			);
			dependencies = (
				7172A3F91E763EA6000D5B99 /* PBXTargetDependency */,
			);
			name = AAChartKitDemoUITests;
			productName = AAChartKitUITests;
			productReference = 7172A3F71E763EA6000D5B99 /* AAChartKitDemoUITests.xctest */;
			productType = "com.apple.product-type.bundle.ui-testing";
		};
/* End PBXNativeTarget section */

/* Begin PBXProject section */
		7172A3CB1E763EA6000D5B99 /* Project object */ = {
			isa = PBXProject;
			attributes = {
				LastUpgradeCheck = 1250;
				ORGANIZATIONNAME = "An An";
				TargetAttributes = {
					7172A3D21E763EA6000D5B99 = {
						CreatedOnToolsVersion = 8.2.1;
						DevelopmentTeam = BPAYP34L8N;
						ProvisioningStyle = Automatic;
					};
					7172A3EB1E763EA6000D5B99 = {
						CreatedOnToolsVersion = 8.2.1;
						ProvisioningStyle = Automatic;
						TestTargetID = 7172A3D21E763EA6000D5B99;
					};
					7172A3F61E763EA6000D5B99 = {
						CreatedOnToolsVersion = 8.2.1;
						ProvisioningStyle = Automatic;
						TestTargetID = 7172A3D21E763EA6000D5B99;
					};
				};
			};
			buildConfigurationList = 7172A3CE1E763EA6000D5B99 /* Build configuration list for PBXProject "AAChartKitDemo" */;
			compatibilityVersion = "Xcode 3.2";
			developmentRegion = en;
			hasScannedForEncodings = 0;
			knownRegions = (
				en,
				Base,
			);
			mainGroup = 7172A3CA1E763EA6000D5B99;
			productRefGroup = 7172A3D41E763EA6000D5B99 /* Products */;
			projectDirPath = "";
			projectRoot = "";
			targets = (
				7172A3D21E763EA6000D5B99 /* AAChartKitDemo */,
				7172A3EB1E763EA6000D5B99 /* AAChartKitDemoTests */,
				7172A3F61E763EA6000D5B99 /* AAChartKitDemoUITests */,
			);
		};
/* End PBXProject section */

/* Begin PBXResourcesBuildPhase section */
		7172A3D11E763EA6000D5B99 /* Resources */ = {
			isa = PBXResourcesBuildPhase;
			buildActionMask = 2147483647;
			files = (
				1E66D1FB210AF4ED007EAB8C /* AAJSFiles.bundle in Resources */,
				7172A3E61E763EA6000D5B99 /* LaunchScreen.storyboard in Resources */,
				8463FDD528CADF5800392C50 /* CustomTableViewCell.xib in Resources */,
				7172A3E31E763EA6000D5B99 /* Assets.xcassets in Resources */,
				848FEAFD265E170C006E4F25 /* TestAAChartViewForXibVC.xib in Resources */,
				7172A3E11E763EA6000D5B99 /* Main.storyboard in Resources */,
			);
			runOnlyForDeploymentPostprocessing = 0;
		};
		7172A3EA1E763EA6000D5B99 /* Resources */ = {
			isa = PBXResourcesBuildPhase;
			buildActionMask = 2147483647;
			files = (
			);
			runOnlyForDeploymentPostprocessing = 0;
		};
		7172A3F51E763EA6000D5B99 /* Resources */ = {
			isa = PBXResourcesBuildPhase;
			buildActionMask = 2147483647;
			files = (
			);
			runOnlyForDeploymentPostprocessing = 0;
		};
/* End PBXResourcesBuildPhase section */

/* Begin PBXSourcesBuildPhase section */
		7172A3CF1E763EA6000D5B99 /* Sources */ = {
			isa = PBXSourcesBuildPhase;
			buildActionMask = 2147483647;
			files = (
				44711747217E2C88009D9FB0 /* SpecialChartVC.m in Sources */,
				84B548B626F1CD4E00D4CAFC /* PieChartOptionsVC.m in Sources */,
				1E66D213210AF4ED007EAB8C /* AAPie.m in Sources */,
				449D447A21CFDF5D00E43D9C /* AAPlotBandsElement.m in Sources */,
				1E66D200210AF4ED007EAB8C /* AAPlotOptions.m in Sources */,
				272D80B31F91EC9E008A2D20 /* ShowManyChartViewVC.m in Sources */,
				1E66D202210AF4ED007EAB8C /* AALine.m in Sources */,
				848FEAFC265E170C006E4F25 /* TestAAChartViewForXibVC.m in Sources */,
				8483CEC229D2F40D002E57AA /* AADOMRectModel.m in Sources */,
				1E66D206210AF4ED007EAB8C /* AACrosshair.m in Sources */,
				447B4B3321C9E04E00FDA965 /* AAEasyTool.m in Sources */,
				448330C124E2791400368A30 /* NSArray+toJSArray.m in Sources */,
				272BBE7B21A28D0C00DBE69D /* AAColor.m in Sources */,
				1E66D218210AF4ED007EAB8C /* AASeriesElement.m in Sources */,
				1E66D205210AF4ED007EAB8C /* AAYAxis.m in Sources */,
				713F543E1E7B71C000D506C7 /* BasicChartVC.m in Sources */,
				44711749217E2C88009D9FB0 /* DrawChartWithAAOptionsVC.m in Sources */,
				278989BB204F8DBA003940CC /* ChartListVC.m in Sources */,
				4486C50D23DE02A900B54849 /* DoubleChartsLinkedWorkVC.m in Sources */,
				27F0CA7921018998004BD904 /* AADateUTCTool.m in Sources */,
				1E66D20E210AF4ED007EAB8C /* AAAnimation.m in Sources */,
				27D874F6219AB55E0092A461 /* CustomStyleChartVC.m in Sources */,
				84B548BF26F1FEC800D4CAFC /* PlotLinesBandsZonesOptionsVC.m in Sources */,
				1E66D20A210AF4ED007EAB8C /* AAStyle.m in Sources */,
				84B548C226F2E19900D4CAFC /* AreasplineChartOptionsVC.m in Sources */,
				84E0D36C28F2D9D4004031BE /* SpecialStyleChartOptionsVC.m in Sources */,
				84E0D36628F2D690004031BE /* JSFunctionForAAOptionsVC.m in Sources */,
				44EF0FA524F759FD00F5639A /* AALineStyle.m in Sources */,
				44C8C491226F4D4100AB9E50 /* JSFunctionForAATooltipVC.m in Sources */,
				84E0D36F28F2DBBD004031BE /* JSFunctionForAATooltipVC2.m in Sources */,
				27EB8A8D24986DCE007E6A6B /* DataSortingWithAnimationChartVC.m in Sources */,
				1E66D1FC210AF4ED007EAB8C /* AAAreaspline.m in Sources */,
				441AF0BD233746DD00F0D39D /* EvaluateJSStringFunctionVC.m in Sources */,
				845589C928C3B27C009D1BC3 /* AAScatter.m in Sources */,
				1E66D203210AF4ED007EAB8C /* AATooltip.m in Sources */,
				448330BB24E272FB00368A30 /* NSString+toPureJSString.m in Sources */,
				44E4137323C339160097D0ED /* AAStates.m in Sources */,
				1E66D20C210AF4ED007EAB8C /* AATitle.m in Sources */,
				44F5F9A121D80BDB002A8D25 /* AALabel.m in Sources */,
				1E66D215210AF4ED007EAB8C /* AAChartView.m in Sources */,
				8418479C28B8D0E300094106 /* JSFunctionForAAChartEventsVC.m in Sources */,
				84B548B926F1F08300D4CAFC /* PolarChartOptionsVC.m in Sources */,
				449A0ED423771436009F8FE1 /* ScrollingUpdateDataVC.m in Sources */,
				1E66D20F210AF4ED007EAB8C /* AALegend.m in Sources */,
				1E66D201210AF4ED007EAB8C /* AADataLabels.m in Sources */,
				1E66D211210AF4ED007EAB8C /* AASpline.m in Sources */,
				44711748217E2C88009D9FB0 /* MixedChartVC.m in Sources */,
				1E66D1FF210AF4ED007EAB8C /* AAXAxis.m in Sources */,
				4486D0A62466AFE5000D7FDA /* AAPane.m in Sources */,
				84AE6B1C26A1775A001F0755 /* AADateTimeLabelFormats.m in Sources */,
				1E66D216210AF4ED007EAB8C /* AAChartModel.m in Sources */,
				27E475F524B2111400690657 /* AABaseChartVC.m in Sources */,
				1E66D207210AF4ED007EAB8C /* AAColumn.m in Sources */,
				846CB10D26A6B14100DE8D5A /* AAColumnrange.m in Sources */,
				1E66D208210AF4ED007EAB8C /* AAPlotLinesElement.m in Sources */,
				64AF87601F0A981400A801C4 /* OnlyRefreshChartDataVC.m in Sources */,
				7172A3DB1E763EA6000D5B99 /* AppDelegate.m in Sources */,
				440B098024C189950056CE08 /* AACredits.m in Sources */,
				27E38C651F0E47BA00FB52E1 /* ChartAnimationTypeVC.m in Sources */,
				84D56E16283928F6000064AA /* AAOptionsConfigurationGenerator.m in Sources */,
				1E66D20B210AF4ED007EAB8C /* AABar.m in Sources */,
				27EB89D8248BB38B007E6A6B /* ChartAdvancedUpdatingFeatureVC.m in Sources */,
				4486C51023E9BAB300B54849 /* DrawableChartVC.m in Sources */,
				440B098324C190F60056CE08 /* AALang.m in Sources */,
				8463FDE128CB1F5F00392C50 /* JSFunctionForAALegendVC.m in Sources */,
				1E66D1FD210AF4ED007EAB8C /* AALabels.m in Sources */,
				7172A3D81E763EA6000D5B99 /* main.m in Sources */,
				84B548C826F2EE2C00D4CAFC /* DataLabelsOptionsVC.m in Sources */,
				2750145224C03372005A5D73 /* AAShadow.m in Sources */,
				8463FDDE28CB1D5300392C50 /* JSFunctionForAAAxisVC.m in Sources */,
				84B548CB26F31B5600D4CAFC /* XAxisYAxisLabelsOptionsVC.m in Sources */,
				1E66D1FE210AF4ED007EAB8C /* AASeries.m in Sources */,
				84B548C526F2E74800D4CAFC /* TooltipOptionsVC.m in Sources */,
				44209B0921B0D2DD004EC321 /* HideOrShowChartSeriesVC.m in Sources */,
				44C07B9A22A4C6BB00FE7184 /* AlgorithmVC.m in Sources */,
				84B548BC26F1F62300D4CAFC /* MultiYAxesChartOptionsVC.m in Sources */,
				713F543D1E7B71C000D506C7 /* MainVC.m in Sources */,
				1E66D20D210AF4ED007EAB8C /* AAArea.m in Sources */,
				1E66D210210AF4ED007EAB8C /* AAMarker.m in Sources */,
				1E66D214210AF4ED007EAB8C /* AAChart.m in Sources */,
				84B548CE26F31D9B00D4CAFC /* XAxisYAxisTypeOptionsVC.m in Sources */,
				44143D3921A1950300D44657 /* AAGradientColor.m in Sources */,
				1E66D217210AF4ED007EAB8C /* AAOptions.m in Sources */,
				92445D871FDE1F2A00B3E576 /* MonitorViewController.m in Sources */,
				8463FDD428CADF5800392C50 /* CustomTableViewCell.m in Sources */,
				58603C61BAE9EEFFCAA78970 /* AABoxplot.m in Sources */,
				5860396EC5EB5FD8A6DD2EF4 /* CustomClickEventCallbackMessageVC.m in Sources */,
			);
			runOnlyForDeploymentPostprocessing = 0;
		};
		7172A3E81E763EA6000D5B99 /* Sources */ = {
			isa = PBXSourcesBuildPhase;
			buildActionMask = 2147483647;
			files = (
				7172A3F11E763EA6000D5B99 /* AAChartKitTests.m in Sources */,
			);
			runOnlyForDeploymentPostprocessing = 0;
		};
		7172A3F31E763EA6000D5B99 /* Sources */ = {
			isa = PBXSourcesBuildPhase;
			buildActionMask = 2147483647;
			files = (
				7172A3FC1E763EA6000D5B99 /* AAChartKitUITests.m in Sources */,
			);
			runOnlyForDeploymentPostprocessing = 0;
		};
/* End PBXSourcesBuildPhase section */

/* Begin PBXTargetDependency section */
		7172A3EE1E763EA6000D5B99 /* PBXTargetDependency */ = {
			isa = PBXTargetDependency;
			target = 7172A3D21E763EA6000D5B99 /* AAChartKitDemo */;
			targetProxy = 7172A3ED1E763EA6000D5B99 /* PBXContainerItemProxy */;
		};
		7172A3F91E763EA6000D5B99 /* PBXTargetDependency */ = {
			isa = PBXTargetDependency;
			target = 7172A3D21E763EA6000D5B99 /* AAChartKitDemo */;
			targetProxy = 7172A3F81E763EA6000D5B99 /* PBXContainerItemProxy */;
		};
/* End PBXTargetDependency section */

/* Begin PBXVariantGroup section */
		7172A3DF1E763EA6000D5B99 /* Main.storyboard */ = {
			isa = PBXVariantGroup;
			children = (
				7172A3E01E763EA6000D5B99 /* Base */,
			);
			name = Main.storyboard;
			sourceTree = "<group>";
		};
		7172A3E41E763EA6000D5B99 /* LaunchScreen.storyboard */ = {
			isa = PBXVariantGroup;
			children = (
				7172A3E51E763EA6000D5B99 /* Base */,
			);
			name = LaunchScreen.storyboard;
			sourceTree = "<group>";
		};
/* End PBXVariantGroup section */

/* Begin XCBuildConfiguration section */
		7172A3FE1E763EA6000D5B99 /* Debug */ = {
			isa = XCBuildConfiguration;
			buildSettings = {
				ALWAYS_SEARCH_USER_PATHS = NO;
				CLANG_ANALYZER_LOCALIZABILITY_NONLOCALIZED = YES;
				CLANG_ANALYZER_NONNULL = YES;
				CLANG_CXX_LANGUAGE_STANDARD = "gnu++0x";
				CLANG_CXX_LIBRARY = "libc++";
				CLANG_ENABLE_MODULES = YES;
				CLANG_ENABLE_OBJC_ARC = YES;
				CLANG_WARN_BLOCK_CAPTURE_AUTORELEASING = YES;
				CLANG_WARN_BOOL_CONVERSION = YES;
				CLANG_WARN_COMMA = YES;
				CLANG_WARN_CONSTANT_CONVERSION = YES;
				CLANG_WARN_DEPRECATED_OBJC_IMPLEMENTATIONS = YES;
				CLANG_WARN_DIRECT_OBJC_ISA_USAGE = YES_ERROR;
				CLANG_WARN_DOCUMENTATION_COMMENTS = YES;
				CLANG_WARN_EMPTY_BODY = YES;
				CLANG_WARN_ENUM_CONVERSION = YES;
				CLANG_WARN_INFINITE_RECURSION = YES;
				CLANG_WARN_INT_CONVERSION = YES;
				CLANG_WARN_NON_LITERAL_NULL_CONVERSION = YES;
				CLANG_WARN_OBJC_IMPLICIT_RETAIN_SELF = YES;
				CLANG_WARN_OBJC_LITERAL_CONVERSION = YES;
				CLANG_WARN_OBJC_ROOT_CLASS = YES_ERROR;
				CLANG_WARN_QUOTED_INCLUDE_IN_FRAMEWORK_HEADER = YES;
				CLANG_WARN_RANGE_LOOP_ANALYSIS = YES;
				CLANG_WARN_STRICT_PROTOTYPES = YES;
				CLANG_WARN_SUSPICIOUS_MOVE = YES;
				CLANG_WARN_UNREACHABLE_CODE = YES;
				CLANG_WARN__DUPLICATE_METHOD_MATCH = YES;
				"CODE_SIGN_IDENTITY[sdk=iphoneos*]" = "iPhone Developer";
				COPY_PHASE_STRIP = NO;
				DEBUG_INFORMATION_FORMAT = dwarf;
				ENABLE_STRICT_OBJC_MSGSEND = YES;
				ENABLE_TESTABILITY = YES;
				GCC_C_LANGUAGE_STANDARD = gnu99;
				GCC_DYNAMIC_NO_PIC = NO;
				GCC_NO_COMMON_BLOCKS = YES;
				GCC_OPTIMIZATION_LEVEL = 0;
				GCC_PREPROCESSOR_DEFINITIONS = (
					"DEBUG=1",
					"$(inherited)",
				);
				GCC_WARN_64_TO_32_BIT_CONVERSION = YES;
				GCC_WARN_ABOUT_RETURN_TYPE = YES_ERROR;
				GCC_WARN_UNDECLARED_SELECTOR = YES;
				GCC_WARN_UNINITIALIZED_AUTOS = YES_AGGRESSIVE;
				GCC_WARN_UNUSED_FUNCTION = YES;
				GCC_WARN_UNUSED_VARIABLE = YES;
				IPHONEOS_DEPLOYMENT_TARGET = 9.0;
				MTL_ENABLE_DEBUG_INFO = YES;
				ONLY_ACTIVE_ARCH = YES;
				SDKROOT = iphoneos;
				TARGETED_DEVICE_FAMILY = "1,2";
			};
			name = Debug;
		};
		7172A3FF1E763EA6000D5B99 /* Release */ = {
			isa = XCBuildConfiguration;
			buildSettings = {
				ALWAYS_SEARCH_USER_PATHS = NO;
				CLANG_ANALYZER_LOCALIZABILITY_NONLOCALIZED = YES;
				CLANG_ANALYZER_NONNULL = YES;
				CLANG_CXX_LANGUAGE_STANDARD = "gnu++0x";
				CLANG_CXX_LIBRARY = "libc++";
				CLANG_ENABLE_MODULES = YES;
				CLANG_ENABLE_OBJC_ARC = YES;
				CLANG_WARN_BLOCK_CAPTURE_AUTORELEASING = YES;
				CLANG_WARN_BOOL_CONVERSION = YES;
				CLANG_WARN_COMMA = YES;
				CLANG_WARN_CONSTANT_CONVERSION = YES;
				CLANG_WARN_DEPRECATED_OBJC_IMPLEMENTATIONS = YES;
				CLANG_WARN_DIRECT_OBJC_ISA_USAGE = YES_ERROR;
				CLANG_WARN_DOCUMENTATION_COMMENTS = YES;
				CLANG_WARN_EMPTY_BODY = YES;
				CLANG_WARN_ENUM_CONVERSION = YES;
				CLANG_WARN_INFINITE_RECURSION = YES;
				CLANG_WARN_INT_CONVERSION = YES;
				CLANG_WARN_NON_LITERAL_NULL_CONVERSION = YES;
				CLANG_WARN_OBJC_IMPLICIT_RETAIN_SELF = YES;
				CLANG_WARN_OBJC_LITERAL_CONVERSION = YES;
				CLANG_WARN_OBJC_ROOT_CLASS = YES_ERROR;
				CLANG_WARN_QUOTED_INCLUDE_IN_FRAMEWORK_HEADER = YES;
				CLANG_WARN_RANGE_LOOP_ANALYSIS = YES;
				CLANG_WARN_STRICT_PROTOTYPES = YES;
				CLANG_WARN_SUSPICIOUS_MOVE = YES;
				CLANG_WARN_UNREACHABLE_CODE = YES;
				CLANG_WARN__DUPLICATE_METHOD_MATCH = YES;
				"CODE_SIGN_IDENTITY[sdk=iphoneos*]" = "iPhone Developer";
				COPY_PHASE_STRIP = NO;
				DEBUG_INFORMATION_FORMAT = "dwarf-with-dsym";
				ENABLE_NS_ASSERTIONS = NO;
				ENABLE_STRICT_OBJC_MSGSEND = YES;
				GCC_C_LANGUAGE_STANDARD = gnu99;
				GCC_NO_COMMON_BLOCKS = YES;
				GCC_WARN_64_TO_32_BIT_CONVERSION = YES;
				GCC_WARN_ABOUT_RETURN_TYPE = YES_ERROR;
				GCC_WARN_UNDECLARED_SELECTOR = YES;
				GCC_WARN_UNINITIALIZED_AUTOS = YES_AGGRESSIVE;
				GCC_WARN_UNUSED_FUNCTION = YES;
				GCC_WARN_UNUSED_VARIABLE = YES;
				IPHONEOS_DEPLOYMENT_TARGET = 9.0;
				MTL_ENABLE_DEBUG_INFO = NO;
				SDKROOT = iphoneos;
				TARGETED_DEVICE_FAMILY = "1,2";
				VALIDATE_PRODUCT = YES;
			};
			name = Release;
		};
		7172A4011E763EA6000D5B99 /* Debug */ = {
			isa = XCBuildConfiguration;
			buildSettings = {
				ASSETCATALOG_COMPILER_APPICON_NAME = AppIcon;
				CODE_SIGN_ENTITLEMENTS = AAChartKitDemo/AAChartKitDemo.entitlements;
				CODE_SIGN_IDENTITY = "iPhone Developer";
				CODE_SIGN_STYLE = Automatic;
				DERIVE_UIKITFORMAC_PRODUCT_BUNDLE_IDENTIFIER = YES;
				DEVELOPMENT_TEAM = BPAYP34L8N;
				GCC_PRECOMPILE_PREFIX_HEADER = YES;
				GCC_PREFIX_HEADER = "$(SRCROOT)/AAChartKitDemo/PrefixHeader.pch";
				INFOPLIST_FILE = AAChartKitDemo/Info.plist;
				IPHONEOS_DEPLOYMENT_TARGET = 12.0;
				LD_RUNPATH_SEARCH_PATHS = "$(inherited) @executable_path/Frameworks";
				PRODUCT_BUNDLE_IDENTIFIER = "AACharthuhu------";
				PRODUCT_NAME = "$(TARGET_NAME)";
				PROVISIONING_PROFILE_SPECIFIER = "";
				SUPPORTS_UIKITFORMAC = YES;
				TARGETED_DEVICE_FAMILY = "1,2";
			};
			name = Debug;
		};
		7172A4021E763EA6000D5B99 /* Release */ = {
			isa = XCBuildConfiguration;
			buildSettings = {
				ASSETCATALOG_COMPILER_APPICON_NAME = AppIcon;
				CODE_SIGN_ENTITLEMENTS = AAChartKitDemo/AAChartKitDemo.entitlements;
				CODE_SIGN_IDENTITY = "iPhone Developer";
				CODE_SIGN_STYLE = Automatic;
				DERIVE_UIKITFORMAC_PRODUCT_BUNDLE_IDENTIFIER = YES;
				DEVELOPMENT_TEAM = BPAYP34L8N;
				GCC_PRECOMPILE_PREFIX_HEADER = YES;
				GCC_PREFIX_HEADER = "$(SRCROOT)/AAChartKitDemo/PrefixHeader.pch";
				INFOPLIST_FILE = AAChartKitDemo/Info.plist;
				IPHONEOS_DEPLOYMENT_TARGET = 12.0;
				LD_RUNPATH_SEARCH_PATHS = "$(inherited) @executable_path/Frameworks";
				PRODUCT_BUNDLE_IDENTIFIER = "AACharthuhu------";
				PRODUCT_NAME = "$(TARGET_NAME)";
				PROVISIONING_PROFILE_SPECIFIER = "";
				SUPPORTS_UIKITFORMAC = YES;
				TARGETED_DEVICE_FAMILY = "1,2";
			};
			name = Release;
		};
		7172A4041E763EA6000D5B99 /* Debug */ = {
			isa = XCBuildConfiguration;
			buildSettings = {
				BUNDLE_LOADER = "$(TEST_HOST)";
				INFOPLIST_FILE = AAChartKitTests/Info.plist;
				LD_RUNPATH_SEARCH_PATHS = "$(inherited) @executable_path/Frameworks @loader_path/Frameworks";
				PRODUCT_BUNDLE_IDENTIFIER = Hobbies.AAChartKitTests;
				PRODUCT_NAME = "$(TARGET_NAME)";
				TEST_HOST = "$(BUILT_PRODUCTS_DIR)/AAChartKitDemo.app/AAChartKitDemo";
			};
			name = Debug;
		};
		7172A4051E763EA6000D5B99 /* Release */ = {
			isa = XCBuildConfiguration;
			buildSettings = {
				BUNDLE_LOADER = "$(TEST_HOST)";
				INFOPLIST_FILE = AAChartKitTests/Info.plist;
				LD_RUNPATH_SEARCH_PATHS = "$(inherited) @executable_path/Frameworks @loader_path/Frameworks";
				PRODUCT_BUNDLE_IDENTIFIER = Hobbies.AAChartKitTests;
				PRODUCT_NAME = "$(TARGET_NAME)";
				TEST_HOST = "$(BUILT_PRODUCTS_DIR)/AAChartKitDemo.app/AAChartKitDemo";
			};
			name = Release;
		};
		7172A4071E763EA6000D5B99 /* Debug */ = {
			isa = XCBuildConfiguration;
			buildSettings = {
				INFOPLIST_FILE = AAChartKitUITests/Info.plist;
				LD_RUNPATH_SEARCH_PATHS = "$(inherited) @executable_path/Frameworks @loader_path/Frameworks";
				PRODUCT_BUNDLE_IDENTIFIER = Hobbies.AAChartKitUITests;
				PRODUCT_NAME = "$(TARGET_NAME)";
				TEST_TARGET_NAME = AAChartKit;
			};
			name = Debug;
		};
		7172A4081E763EA6000D5B99 /* Release */ = {
			isa = XCBuildConfiguration;
			buildSettings = {
				INFOPLIST_FILE = AAChartKitUITests/Info.plist;
				LD_RUNPATH_SEARCH_PATHS = "$(inherited) @executable_path/Frameworks @loader_path/Frameworks";
				PRODUCT_BUNDLE_IDENTIFIER = Hobbies.AAChartKitUITests;
				PRODUCT_NAME = "$(TARGET_NAME)";
				TEST_TARGET_NAME = AAChartKit;
			};
			name = Release;
		};
/* End XCBuildConfiguration section */

/* Begin XCConfigurationList section */
		7172A3CE1E763EA6000D5B99 /* Build configuration list for PBXProject "AAChartKitDemo" */ = {
			isa = XCConfigurationList;
			buildConfigurations = (
				7172A3FE1E763EA6000D5B99 /* Debug */,
				7172A3FF1E763EA6000D5B99 /* Release */,
			);
			defaultConfigurationIsVisible = 0;
			defaultConfigurationName = Release;
		};
		7172A4001E763EA6000D5B99 /* Build configuration list for PBXNativeTarget "AAChartKitDemo" */ = {
			isa = XCConfigurationList;
			buildConfigurations = (
				7172A4011E763EA6000D5B99 /* Debug */,
				7172A4021E763EA6000D5B99 /* Release */,
			);
			defaultConfigurationIsVisible = 0;
			defaultConfigurationName = Release;
		};
		7172A4031E763EA6000D5B99 /* Build configuration list for PBXNativeTarget "AAChartKitDemoTests" */ = {
			isa = XCConfigurationList;
			buildConfigurations = (
				7172A4041E763EA6000D5B99 /* Debug */,
				7172A4051E763EA6000D5B99 /* Release */,
			);
			defaultConfigurationIsVisible = 0;
			defaultConfigurationName = Release;
		};
		7172A4061E763EA6000D5B99 /* Build configuration list for PBXNativeTarget "AAChartKitDemoUITests" */ = {
			isa = XCConfigurationList;
			buildConfigurations = (
				7172A4071E763EA6000D5B99 /* Debug */,
				7172A4081E763EA6000D5B99 /* Release */,
			);
			defaultConfigurationIsVisible = 0;
			defaultConfigurationName = Release;
		};
/* End XCConfigurationList section */
	};
	rootObject = 7172A3CB1E763EA6000D5B99 /* Project object */;
}
